{
  "vite.config.ts": "2f4ea227a08df0d1587921fe627a10e3",
  "src/App.tsx": "fde81ee0bd7da1cc39c7ed969abed825",
  "src/Root.tsx": "dd7ccc8e83bb3cb7f8c8fb879e4aa203",
  "src/index.tsx": "6eaed6f7788c9ba4ace41044c3cbc5a8",
  "src/pages/workspaces/create.tsx": "eda0d8545f33f74948967657ec231e35",
  "src/pages/workspaces/list.tsx": "c4638ca302d2999b4c28e8d199d376e4",
  "src/pages/workspaces/show.tsx": "8a44bd308b08030f598953308080172a",
  "src/pages/users/create.tsx": "390446d8eda46dad0cb2755d730d18fe",
  "src/pages/users/edit.tsx": "4ef9f5dbac208347e1eabea7fe030590",
  "src/pages/users/list.tsx": "e5dd93ccd1da4f6e45c559c56bf1d8e4",
  "src/pages/users/show.tsx": "507164c818716609701d2cc9efa63fc7",
  "src/pages/roles/create.tsx": "47ca26f5f8fe1da9523d55c7f66222c9",
  "src/pages/roles/edit.tsx": "a29fb364e33335131654e52c24ea9811",
  "src/pages/roles/list.tsx": "01296d2877b0eb4202491a590bed19ad",
  "src/pages/roles/show.tsx": "77754c0f9a9a1bed1e34293ded62725f",
  "src/pages/role-assignments/create.tsx": "7184ce49ccb02f96e391f9f2db221ad3",
  "src/pages/role-assignments/edit.tsx": "13226758e1fd17316f5a248226766a20",
  "src/pages/role-assignments/list.tsx": "8953d9e771c8e9d71931cf4626ec7b9c",
  "src/pages/role-assignments/show.tsx": "bcc51881de20fc0f657d446b6c71abc0",
  "src/pages/model-registries/create.tsx": "c2ce0d519c85a63cbff51df48d8453bd",
  "src/pages/model-registries/edit.tsx": "0f8edeacc4f79e9814958f468a96fb87",
  "src/pages/model-registries/list.tsx": "9a2390c87f7284ad5b133b75fd64cd15",
  "src/pages/model-registries/show.tsx": "936ee114974ab710d2d6317253d8ca5d",
  "src/pages/model-catalogs/list.tsx": "c605c392cb13b47c389ff17fa2828478",
  "src/pages/model-catalogs/show.tsx": "0851b0568347ede9b210dddcb9ad0d00",
  "src/pages/image-registries/create.tsx": "5c916d2cd7f7367dbf5ba7297639f711",
  "src/pages/image-registries/edit.tsx": "70b4ec2249988bba2726da5308172e49",
  "src/pages/image-registries/list.tsx": "dbb66ec58562425528cceda447c606a6",
  "src/pages/image-registries/show.tsx": "0fa61c23dabd1178b797359c3553bae4",
  "src/pages/engines/list.tsx": "a6ef20e4d638ba9a49929f1ff26d79b0",
  "src/pages/engines/show.tsx": "b4cac880f6cae69ac1f8ae6429d130bf",
  "src/pages/endpoints/create.tsx": "cb35c8f7f98c0e100f1868c32490dadc",
  "src/pages/endpoints/edit.tsx": "ef661bb90e2dfbc2be9ac65b92fbc3f1",
  "src/pages/endpoints/list.tsx": "1433e09de8bd43a223233018926e7dd8",
  "src/pages/endpoints/show.tsx": "93bb44d15fa943c7ed639d55968077c9",
  "src/pages/dashboard/Dashboard.tsx": "5c949e1cfe926f6538294445610940ce",
  "src/pages/clusters/create.tsx": "fd2b1c7affa795305445f8e307dea099",
  "src/pages/clusters/edit.tsx": "d636f55fd8591fabd56759bf0f46963e",
  "src/pages/clusters/list.tsx": "a88abe3e58e703a05a721908632646ad",
  "src/pages/clusters/show.tsx": "e1fea5f7a3958cc5303a8020386df4fc",
  "src/pages/api-keys/list.tsx": "9544a58d3d2ba58e613e094f3b8b49db",
  "src/pages/api-keys/show.tsx": "2253cb7910f077c483304a13a1601328",
  "src/components/ui/alert-dialog.tsx": "70af8c8b7632a7cc58b311f65ecd1309",
  "src/components/ui/alert.tsx": "b5ab1fbae82a800cb260c244c4065da3",
  "src/components/ui/badge.tsx": "e03f6851f659b905fb4b769a894952bd",
  "src/components/ui/breadcrumb.tsx": "e02d56bc060ed9398039fd955cc4a555",
  "src/components/ui/button.tsx": "4f3d806629a20b7d41f0b9e68378c323",
  "src/components/ui/card.tsx": "50a1f983d39f170c6b57782337550d95",
  "src/components/ui/checkbox.tsx": "f009170b5f421bc8463bbebc13938339",
  "src/components/ui/collapsible.tsx": "934b00582dae08af749fb55469081de6",
  "src/components/ui/combobox.tsx": "6a7f2e154afcb7702e7bdb96fab07cdf",
  "src/components/ui/command.tsx": "7d1c13ae99a4d676093951d523f4a4b9",
  "src/components/ui/dialog.tsx": "4695f56494b2b616e7a268af67c2fb42",
  "src/components/ui/dropdown-menu.tsx": "3dbe1bad45a076ee8641b1e96660b1b1",
  "src/components/ui/form.tsx": "65f10ecc394cfdf4651952a46e2da742",
  "src/components/ui/hover-card.tsx": "0a26eba51ec36137ddb0be08c43fc201",
  "src/components/ui/input.tsx": "30b4d56ffb934aa2f10f590b0e977fbb",
  "src/components/ui/label.tsx": "94936802965106b940908ea93ab6ca58",
  "src/components/ui/loading.tsx": "913dd92acdf36488b43493ece7f7259a",
  "src/components/ui/popover.tsx": "9209bc7bfff67b1e2324f044ec87452d",
  "src/components/ui/progress.tsx": "cf177db1092528afb5f47043e1287687",
  "src/components/ui/scroll-area.tsx": "3cb075610cb184a400ef28fd216516c5",
  "src/components/ui/select.tsx": "6f49c85ccbb411780589fe409caff266",
  "src/components/ui/separator.tsx": "2590cba8be4a866e21f2946c9b2e25ee",
  "src/components/ui/sheet.tsx": "e090ce0245440924ad8b15400a1c9571",
  "src/components/ui/sidebar.tsx": "3b34005efbc57b6afd3b608cdcdb30a4",
  "src/components/ui/skeleton.tsx": "ad42ae16515658d9499e3dcca3d6bb03",
  "src/components/ui/slider.tsx": "72fe9f061e31b3392e9573253541c10c",
  "src/components/ui/sonner.tsx": "416aa95c93a5d017721058fbbb5bd91d",
  "src/components/ui/table.tsx": "4c171f0e9b1c7b2659ea608862786ea2",
  "src/components/ui/tabs.tsx": "595ec7a306bd443fd934da0a720f8fce",
  "src/components/ui/textarea.tsx": "bfb65eef78492f06e2e690ec6fafad0f",
  "src/components/ui/tooltip.tsx": "93a38eba903616acae2f704a0eabd1f2",
  "src/pages/oem-config/show.tsx": "c967d3bbb5497df2ad25377ad3af9b38",
  "src/pages/oem-config/use-oem-config-form.tsx": "1f3f03f3d7cfa47a50fd17ef35e2004b",
  "src/pages/license/show.tsx": "a2725372fe4047e3ac3a03cec5df40d8",
  "vitest.config.ts": "6e026a005e7f4ed7aa7f567b9999c069",
  "playwright.config.ts": "1e624a5e7453327ec44105e414fc39d7",
  "src/pages/auth/AuthPage.tsx": "f4392c25334e26bba455114d3fe440ed",
  "src/pages/auth/ForgotPasswordPage.tsx": "f16e847fd4935b49246e9e8cb6b11b6f",
  "src/pages/auth/LoginPage.tsx": "dad1a585279952b94ac288cf003fb6e9",
  "src/pages/auth/RegisterPage.tsx": "baf9cba1a8650089e73706c2e7db15ef",
  "src/pages/auth/ThemedTitle.tsx": "2d67695111134f3f50971fbcf176c665",
  "src/pages/auth/UpdatePasswordPage.tsx": "82ea7114c87f0459472f3ed38931e822",
  "src/pages/auth/styles.ts": "da277e0ed37f9b63d04eb9b44aaa3e38",
  "src/foundation/types/basic-types.ts": "245c22a49cd67de4186fc1604c6b7a2e",
  "src/foundation/types/chat-types.ts": "c31082555c7146ce3cb384794d530d87",
  "src/foundation/types/license.ts": "e7cd2bf058d508b41b5521f5cee745a3",
  "src/foundation/types/serving-types.ts": "c194c0b8901a79ee35ac8b08eca24968",
  "src/foundation/types/system-types.ts": "95251bc1ec54424d96b599dedf23ffeb",
  "src/foundation/providers/data-provider/index.ts": "0d6290230ad411bc4582668f1c2e43ca",
  "src/foundation/providers/data-provider/utils/generate-filter.ts": "5d3bce54e997574b28f34e20392290be",
  "src/foundation/providers/data-provider/utils/handle-error.ts": "be5adb9acfc4090c82c78fff122c1223",
  "src/foundation/providers/data-provider/utils/map-operator.ts": "4aafc8f97463e07318fabaf816f8d321",
  "src/foundation/providers/auth-provider/index.ts": "b020feb6296355591297213c06e79a7f",
  "src/foundation/lib/column-visibility-storage.ts": "1c01bd1a7acbeac08880f87e23fbfb51",
  "src/foundation/lib/constant.ts": "7ba88946322ba84f6d56091fcb3c624e",
  "src/foundation/lib/grafana-dashboard-configs.ts": "38cde7d922d8dfafbef218542b22f698",
  "src/foundation/lib/i18n.ts": "7ca93a505420fdfee78bb9d88ffcc272",
  "src/foundation/lib/plural.ts": "5d10922518b7de7bf6db90ce2e078f5f",
  "src/foundation/lib/unit.ts": "364e1f56b690042e2823558b0a435817",
  "src/foundation/lib/utils.ts": "618d00bf4537ce84f9ba62c5b215fb30",
  "src/foundation/lib/validate.ts": "5b121181f9539313e8400c5a7cf35ae2",
  "src/foundation/lib/api/api-gen.ts": "0d1306c29c604f87ffeb40130e700f5c",
  "src/foundation/lib/api/index.ts": "dd598b7ac20a55d8a1791983f31d47c0",
  "src/foundation/hooks/use-column-visibility.ts": "39bea49a75a8fe8811926391f69b3f0f",
  "src/foundation/hooks/use-delete-helper.tsx": "590940db014362dc6a7e84c0dfa4e8fd",
  "src/foundation/hooks/use-get-edit-url.tsx": "c222f1fb88b01897a74812fecaece962",
  "src/foundation/hooks/use-license.ts": "8ac2410d145b56e2ca23b89704b85418",
  "src/foundation/hooks/use-mobile.tsx": "21f0293b823c5298aa735fc013840cff",
  "src/foundation/hooks/use-oem-config.ts": "8e6127cb2238f5f28b563387e930a7fb",
  "src/foundation/hooks/use-on-back.tsx": "1b26d63d0f617db082c262caaccd52b5",
  "src/foundation/hooks/use-system-api.ts": "47d26d7ac6fff15c368b82e5a8fcb66b",
  "src/foundation/hooks/use-workspace.ts": "5b75889be0a9bd6d0128003efe327f80",
  "src/foundation/hooks/use-yaml-export.ts": "a46c26163f36ca265998397a59ae7d1c",
  "src/foundation/hooks/use-yaml-import.ts": "a3a7cbedbfd51f3c02cd46f042084790",
  "src/foundation/components/AppBreadcrumbs.tsx": "a49229d4a4a1f234ccaa24d8e1208673",
  "src/foundation/components/AppSidebar.tsx": "5a0f8ce5048e4806081a6156bddce922",
  "src/foundation/components/BaseLayout.tsx": "64ddc4474cb6be136156ab722644c460",
  "src/foundation/components/BaseStatus.tsx": "b854e2d6e49911ac7a05e71a2e3d7641",
  "src/foundation/components/BatchDeleteBar.tsx": "d23d0ae643bb73ff055119036b19282a",
  "src/foundation/components/ConfirmDialog.tsx": "976136d3c20111f3abd39fb4fc112b5f",
  "src/foundation/components/CreateButton.tsx": "46e74ad1021e643c2f0462e93560042d",
  "src/foundation/components/DefaultLayout.tsx": "e7b6429138f9c7b5761162e8843adbb0",
  "src/foundation/components/DeleteConfirmDialog.tsx": "79ff81452b6870c01dbe2b5025d230a5",
  "src/foundation/components/FormCardGrid.tsx": "d294069a58542ada17e6f5cbee408153",
  "src/foundation/components/FormCombobox.tsx": "a66006e59625ebe558ee2941c995fd93",
  "src/foundation/components/FormFieldGroup.tsx": "17845d9b469f5dc0a362323b3e05ec4d",
  "src/foundation/components/FormSelect.tsx": "618e22e639296354f6024ed7fd0ab009",
  "src/foundation/components/GrafanaDashboard.tsx": "d8a570ee759b74fbd5444243c7dd0857",
  "src/foundation/components/Link.tsx": "274ab18e160e72304ff04329e14e15e9",
  "src/foundation/components/ListPage.tsx": "1da4d606467cf4f42bf55d8215350d5b",
  "src/foundation/components/Loader.tsx": "c79f9710029a86a58fd583de991a879f",
  "src/foundation/components/Logo.tsx": "4c7b6c54c93dabe21a97c840826bee7c",
  "src/foundation/components/LogoutButton.tsx": "6855feb8a8d82f4e50cc27de0d6209e3",
  "src/foundation/components/ModeToggle.tsx": "212fac9ec88049587cff16063b2457ac",
  "src/foundation/components/PageHeader.tsx": "9b011fb9aa373e90ea079ba794080f34",
  "src/foundation/components/ResourceForm.tsx": "01ba6e4838a38fa7c55e72bcc7a8da4c",
  "src/foundation/components/SaveButton.tsx": "07319625c45afb85384cfed1a6b6adb4",
  "src/foundation/components/ShowButton.tsx": "00c2d793fd667589aec7935aef0740d7",
  "src/foundation/components/ShowPage.tsx": "91e5f3b3f38c971820d7266a6272b97c",
  "src/foundation/components/Table.tsx": "2284e30dbc0ea75d5f40642b01014c8e",
  "src/foundation/components/TableSearch.tsx": "0bc8bb5f8b5f0b42e554024ee8c8059f",
  "src/foundation/components/Timestamp.tsx": "039e7cfdece4f900d69eb243e2a44c64",
  "src/foundation/components/UserDropdown.tsx": "991aaa3f3bfca3f9fe4798458815274d",
  "src/foundation/components/WorkspaceField.tsx": "679cf6ce4f0c5ac1ebe4a8b96914d527",
  "src/foundation/components/WorkspaceSelect.tsx": "878a9a979781d4ee4932431b320f8d08",
  "src/foundation/components/YamlExportButton.tsx": "4e4f779c728ce36646952f802b47f210",
  "src/foundation/components/YamlExportDialog.tsx": "7338843819cf302a70a0d444e8361f43",
  "src/foundation/components/YamlImportButton.tsx": "0ae1f931239601b0f37468e919927b39",
  "src/foundation/components/YamlImportDialog.tsx": "e5e0d61c2dfbd21f47ad28f157ac151d",
  "src/foundation/components/metadata-columns.tsx": "60405f49555f4f330bc5b8b8b0ab1617",
  "src/domains/workspace/types.ts": "b66c7989e9e3d0632099aee7fa3e7720",
  "src/domains/user/types.ts": "46f595f24d513d8484343153cf547ca1",
  "src/domains/role-assignment/types.ts": "ef54639c9b39af1db44d8956f4fc1759",
  "src/domains/role-assignment/components/UserCell.tsx": "9e9d51d5c0092c6a09c3d5bc41f18ac0",
  "src/domains/role/types.ts": "f1deba5219d3585096cac00c81e20051",
  "src/domains/role/hooks/use-permission-dependencies.ts": "febea7795d55ad4d539fe58665eedd24",
  "src/domains/role/components/PermissionsTree.tsx": "10389743bd5a6c0269d6a5199fd88715",
  "src/domains/role/components/PermissionsTreeField.tsx": "36e4bfeaa54682f3cf53812813843e2a",
  "src/domains/model-registry/types.ts": "c66adc9129353fb8c1478f1f71c37dd0",
  "src/domains/model-registry/components/ModelRegistryStatus.tsx": "74e59bea4562ddc782a0043ec1865be8",
  "src/domains/model-registry/components/ModelRegistryType.tsx": "ee9ee2665d843e33f5db1cee3cfabb51",
  "src/domains/model-catalog/types.ts": "4162ec96078d3906bf624c2caabcc288",
  "src/domains/model-catalog/components/ModelCatalogStatus.tsx": "05b5724d20089c977c76c3ee2ddf1e22",
  "src/domains/image-registry/types.ts": "d63ecb27f4dd788187d49224d2ac2e0d",
  "src/domains/image-registry/components/ImageRegistryStatus.tsx": "177d04944d9cf0fd39c063698ac1fd46",
  "src/domains/engine/types.ts": "b966903036ae7d9bfdbd426d0b475aad",
  "src/domains/engine/components/EngineStatus.tsx": "5bf9e785a7f7476a56b9c87c36ba3f18",
  "src/domains/engine/components/EngineVersions.tsx": "46eb6987394db5f7c5cf8fed3204e074",
  "src/domains/engine/components/JsonSchemaValueVisualizer.tsx": "803cf91cd6e73b7c54d736e5cf6a7283",
  "src/domains/engine/components/JsonSchemaVisualizer.tsx": "3a6003cccf8d04994704c95adf0ee6af",
  "src/domains/endpoint/types.ts": "ca5cb2dea1264516f44a0927cd105f95",
  "src/domains/endpoint/hooks/use-chat-state.ts": "7555e18e5668956e332598e536bdb46a",
  "src/domains/endpoint/hooks/use-endpoint-log-sources.ts": "db5f58fbfdf90e73192f68cd4c29b7da",
  "src/domains/endpoint/hooks/use-endpoint-monitor-panels.ts": "f81266b161eca80a40cbba56086e81b6",
  "src/domains/endpoint/hooks/use-endpoint-resources.ts": "c1b719ca155f472655bf0644f278e041",
  "src/domains/endpoint/hooks/use-streaming-logs.ts": "f13d3f714694d7cd73b805269b6586ad",
  "src/domains/endpoint/components/ChatPlayground.tsx": "6bf5b25fe308101baabb508c5264b535",
  "src/domains/endpoint/components/ChatSidebar.tsx": "188bc062294a45b16a56e7e3b9b24610",
  "src/domains/endpoint/components/DeploymentConfigCard.tsx": "91cc8c988179c5657e0cc51035f26bde",
  "src/domains/endpoint/components/EmbeddingPlayground.tsx": "1fc239ccfdd889f71daf62d91bd18148",
  "src/domains/endpoint/components/EndpointEngine.tsx": "a5f3b8ff7c786e6259489f97f2420522",
  "src/domains/endpoint/components/EndpointLogTabs.tsx": "71bf177222c2ce9ad9211b8aae628ac7",
  "src/domains/endpoint/components/EndpointModel.tsx": "4c634fda5f1146cd428486d64b6e53a6",
  "src/domains/endpoint/components/EndpointPauseAction.tsx": "19e76a29447b39cb792fe6891ddcefb2",
  "src/domains/endpoint/components/FunctionDialog.tsx": "96e0b474a764a3fd7351a4ea99066d49",
  "src/domains/endpoint/components/FunctionsManager.tsx": "b20f5c293c07f48881c9708af0aa284f",
  "src/domains/endpoint/components/LogViewer.tsx": "27482ad1b6dfa12650e029ca3ac22414",
  "src/domains/endpoint/components/ModelTask.tsx": "92ad3fd127f60f5e64001773bf0ee473",
  "src/domains/endpoint/components/ModelTaskFilter.tsx": "c6b022c9475b8b2c958cb24b7bd30ee7",
  "src/domains/endpoint/components/RerankPlayground.tsx": "9d005960b24cec91e897ced8884be26a",
  "src/domains/endpoint/components/ResourcesCard.tsx": "0037a61b632484efa5c0145078c967a2",
  "src/domains/endpoint/components/SliderWithInput.tsx": "115cfe56a0c6ea05a7fed3aa8dfed3fb",
  "src/domains/endpoint/components/VirtualLog.tsx": "9f0aae0f2ec30cb6fbfc94546fde0f82",
  "src/domains/cluster/types.ts": "5d2d2f05b4701d4a771055dc9dcbf799",
  "src/domains/cluster/lib/get-ray-dashboard-proxy.ts": "a4a3c75f58c68ee9dca572ad3a70c62b",
  "src/domains/cluster/hooks/use-cluster-monitor-panels.ts": "9b1755f6538148e43f76f6f7aab08420",
  "src/domains/cluster/components/ClusterStatus.tsx": "e9e078180aaada4ea887437edf065427",
  "src/domains/cluster/components/ClusterType.tsx": "eab96797deed4ce4ac3bd78512ef04cc",
  "src/domains/cluster/components/NodeIPsField.tsx": "c252ebd7c87fb4bcf58fae1a2be15c65",
  "src/domains/api-key/types.ts": "159af61d6c195d33d68111c076f0f051",
  "src/foundation/lib/yaml-transform.ts": "fc6cdbf1799ec200546afc649acedf4f",
  "src/foundation/lib/grafana-dashboard-url.ts": "a457d0bef7f683a9185b163f79630278",
  "src/foundation/lib/sidebar-active.ts": "d4a316c595e9fc8d751d6b7961d26023",
  "src/foundation/providers/delete-provider.tsx": "5d75bb2942e38df99b7f4cc3f2115678",
  "src/foundation/providers/notification-provider.ts": "e5c362d105d384b20439efe3c0446035",
  "src/foundation/providers/theme-provider.tsx": "7ec4d0251e080afaf2d76f6ec7cf37fb",
  "src/foundation/providers/data-provider/utils/clean-internal-fields.ts": "86fabe5db09d9fe17c44b007c81ede57",
  "src/domains/cluster/lib/calc-resource-usage.ts": "d0ff80aa6adcec22fb512bcabf65db54",
  "src/domains/cluster/lib/get-cache-type.ts": "2c082b5338dcd2fa18335dcbbc65bada",
  "src/domains/cluster/lib/transform-cluster-values.ts": "53c835536841b647d832a969e8113769",
  "src/domains/cluster/lib/get-access-mode-label.ts": "89a508f6534b3952ed5e56ddc3347f7d",
  "src/domains/cluster/lib/validate-node-ips.ts": "813b3badf54f49726292b4b50ef8871c",
  "src/domains/cluster/hooks/use-model-cache-fields.ts": "1bb1f6cda885bdc3a0247102e2ea8f19",
  "src/domains/cluster/hooks/use-node-ips.ts": "3be6585877474b8cea30c49ebfd4f888",
  "src/domains/cluster/components/ModelCacheFields.tsx": "8757e637b98cabb11e1f03394eb61d9c",
  "src/domains/cluster/components/NodeResourcesTable.tsx": "b2f93aae4626dea9e755b948b6176c6f",
  "src/domains/cluster/components/ResourceProgressBar.tsx": "d61a4153c4f66f74520c96d451dc52d5",
  "src/foundation/lib/clipboard.ts": "8ea6c6599de974dae258857f23378ae1",
  "src/foundation/hooks/use-copy-to-clipboard.ts": "07e810e997a67f0864304fb5ad441573",
  "src/domains/api-key/hooks/use-api-key-usage.ts": "c7cc1f9ca1389e67a1b00b4bb7fbbac5",
  "src/domains/api-key/components/CreateApiKeyForm.tsx": "6dd4f8b6ce0fab202c0b5344cace1cf7",
  "src/domains/workspace/hooks/use-workspace-form.tsx": "49dfbca908ba681048b3cc34badc8920",
  "src/domains/user/hooks/use-user-form.tsx": "100075a731534ade91ac78e492fe1872",
  "src/domains/role-assignment/hooks/use-role-assignment-form.tsx": "95ce4a0eef0af7243535bd7da3bfe76a",
  "src/domains/role/hooks/use-role-form.tsx": "583d8a28b1f4845e80f13bd82e73fee6",
  "src/domains/model-registry/lib/transform-model-registry-values.ts": "e779da393ab13b9e47fc430fc811d026",
  "src/domains/model-registry/hooks/use-model-registry-form.tsx": "d00a2ae48de2746f80a7beffca929e04",
  "src/domains/image-registry/lib/transform-image-registry-values.ts": "8c26cafe14bf2883c1146e93f64ff9b4",
  "src/domains/image-registry/hooks/use-image-registry-form.tsx": "44b3a3e22a3c727089c98c29753272f2",
  "src/domains/cluster/hooks/use-cluster-form.tsx": "5d4ca2e20acacb990501aed14cb69d75",
  "src/foundation/types/resource-types.ts": "6fecb3bc5fdd96313e1745a5defcfd87",
  "src/foundation/hooks/use-variables-input.ts": "4e7645dd01994e5fd252bc3e2ad7676f",
  "src/foundation/components/VariablesInput.tsx": "3b5e4cf926481133c4ee746787283e65",
  "src/domains/endpoint/lib/cluster-resources.ts": "f3f80199d815d8ee43452637669008f1",
  "src/domains/endpoint/lib/endpoint-form-helpers.ts": "fc72d63ce2d0508868164978f25cb5b5",
  "src/domains/endpoint/hooks/use-endpoint-form.tsx": "102de8bfdf879e12f8b7b54f72562e98",
  "src/domains/endpoint/hooks/use-endpoint-cluster-resources.ts": "1e1cfe7ad811875f9a8b101c39edb45b",
  "src/domains/endpoint/hooks/use-endpoint-engine-options.ts": "faa9a8e7dfade8a200eb601d021b1814",
  "src/pages/external-endpoints/create.tsx": "b5439551b4bedc80ab76a86ddf68dc75",
  "src/pages/external-endpoints/edit.tsx": "e6fdd4684d41f910da1e2ca2ddf4cbd9",
  "src/pages/external-endpoints/list.tsx": "000aabb443a19c2ae7d52698a9dc5b80",
  "src/pages/external-endpoints/show.tsx": "439a21d197c2a19d117c7431e97a578b",
  "src/domains/external-endpoint/types.ts": "d32330e46c4c4eafc18a04bd0458cafe",
  "src/domains/external-endpoint/hooks/use-external-endpoint-form.tsx": "0467f4c71ef7b0a2632db76325de6f2b",
  "src/domains/external-endpoint/components/CurlExample.tsx": "5183a8958c58627f671b3d80313f016f",
  "src/domains/external-endpoint/components/ExternalEndpointStatus.tsx": "ddcc260a2c5be44d29b82e5ec4435da7",
  "src/domains/external-endpoint/components/ModelMappingEditor.tsx": "ff00668fe1ae4dec364d78df3b322bf5",
  "src/domains/external-endpoint/lib/build-curl-command.ts": "aef504b00a7ee2db2ff13d55784c114d",
  "src/domains/external-endpoint/lib/clean-upstreams-for-submit.ts": "ebb7a51eb8c1f5a209d32adcb002079d",
  "src/domains/external-endpoint/lib/get-exposed-models.ts": "ac9b304f8eb1fca200e756b06970064c",
  "src/domains/endpoint/lib/chat-helpers.ts": "4d1001dbfaee3b731d4b569148c1b280",
  "src/domains/endpoint/lib/log-helpers.ts": "0586d644e290898ad3acf13c155c3d31",
  "src/domains/endpoint/lib/rerank-helpers.ts": "4c4831f7332ba6fecb50a3e18c1f4b64",
  "src/domains/endpoint/components/MaxLengthSelector.tsx": "231e7ea166869a11fd0c637890609b06",
  "src/domains/endpoint/components/TemperatureSelector.tsx": "c8e8e1c01a331b8fd30d09d9ae869e3b",
  "src/domains/endpoint/components/TopPSelector.tsx": "cd0adc1a1875c6eb5b02942b28225693",
  "src/domains/engine/lib/infer-schema.ts": "3733d0525fdbc4e9d61eebfdb4c51867",
  "src/domains/engine/lib/merge-schema-properties.ts": "66715d7203795d9db9af9d155166e18e",
  "src/domains/engine/lib/schema-type-color.ts": "afffb537eab8f58e1717e1b606277fda",
  "src/domains/engine/lib/type-match.ts": "ea1627d7e2b315b0fa75e38290c5a221",
  "src/domains/engine/components/SchemaTypeIcon.tsx": "61be79250524c422d7f8bc43f6832626",
  "src/foundation/components/ServiceUrls.tsx": "dc5a564260648a8098c2b4f176792b89",
  "src/domains/external-endpoint/lib/build-anthropic-curl-command.ts": "d4ebf4f0b74068fb6e1f550cce20c7bb",
  "src/domains/external-endpoint/lib/convert-timeout.ts": "43a53c28487e11dadab7c57407dfc211",
  "src/domains/external-endpoint/components/TimeoutInput.tsx": "de3cc55baeacccb7c125b6d8f3c3beae",
  "src/domains/external-endpoint/lib/derive-upstream-type.ts": "aeb211afd59b3789db37c6c26b53d822",
  "src/domains/external-endpoint/lib/build-embedding-curl-command.ts": "b461782d5ebab03f375ef507aa0e5d43",
  "src/foundation/components/NumberInput.tsx": "1288bd8a71abec9efe7ef9eaef0713aa",
  "src/domains/external-endpoint/lib/find-overlapping-model-keys.ts": "c95ecffb5e8e3e0a45983f6e1f5d2ea4",
  "src/pages/auth/lib/validate-password-match.ts": "c113f0c5136ce533297e38cc20bf698f",
  "src/domains/endpoint/lib/pause-action.ts": "3efa178458d6906c0cc81dad7c41e675",
  "src/domains/cluster/components/ClusterUpgradeAction.tsx": "bc95f0dd5d210d6d6f90618305674458",
  "src/foundation/components/OemFavicon.tsx": "bb7648f90f369cb8a26439963f1966d1",
  "src/domains/external-endpoint/lib/get-endpoint-type.ts": "a5fec42612881e3206ee2e19ca3c820f",
  "src/domains/endpoint/hooks/use-document-list.ts": "7dc70792a61cc83271e61844abc90ec8",
  "src/domains/endpoint/hooks/use-playground-models.ts": "53c557aeb8282c5f4cb5dc1489688505",
  "src/domains/endpoint/components/DocumentListEditor.tsx": "397a5b14b2689352e678e44863b4e2f0",
  "src/domains/endpoint/components/PlaygroundLayout.tsx": "c4940cfc57dc4696b166ac65f5c769cb",
  "src/domains/cluster/components/ClusterUpgradeTip.tsx": "fd41e3d18ecd41c1efda9dc1d06da083",
  "src/pages/dashboard/QuickStartDialog.tsx": "b22e8651e26203a5c62ceb9d249f8ef1",
  "src/foundation/hooks/use-quick-start.ts": "04189be863e68f0769b650db5a60b985",
  "src/foundation/components/ResourceResultList.tsx": "5b87054f8939e64a98ac67e886b68c64",
  "src/foundation/hooks/use-refine-field-array.ts": "7dbaa5d3a0ea2c6db1c09da0863f1b74",
  "src/domains/external-endpoint/components/TestConnectivityButton.tsx": "c4c97cc62ad41f004d08238c569e0054",
  "src/domains/external-endpoint/hooks/use-test-connectivity.ts": "3518ba31f791c430b2afe655cc2d2c08",
  "src/domains/external-endpoint/hooks/use-model-mapping-rows.ts": "8acf1e3078e104a09eaa7ce60bb41b56",
  "src/pages/ai-traces/list.tsx": "f63e68406912963a1a3f21c6d676f338",
  "src/pages/ai-traces/components/TraceDetailDrawer.tsx": "5f5b5725b80770fd25d831d0f0775fc3",
  "src/pages/ai-traces/components/TraceStatsChart.tsx": "b3ad2234ffd9b0f92b41dfe951bc60d6",
  "src/foundation/lib/api/ai-traces.ts": "bcc854067422a7e98d439ba1fcd7f36f",
  "src/foundation/components/DateRangePicker.tsx": "e700bd01704468c415f7fda9118f6df5",
  "src/pages/model-usage/list.tsx": "25b02112827e4b8914ea0713c7006948",
  "src/domains/api-key/hooks/use-usage-by-dimension.ts": "b7e55f4a3573c6f2f2e51d8171cbf393",
  "src/domains/api-key/hooks/use-workspace-usage.ts": "5f008c9efecb5f75398ae4fb67414d69",
  "src/components/ui/calendar.tsx": "02dd213f55b7d4d0c541f991ca231277",
  "src/domains/endpoint/lib/vgpu.ts": "f469e7def2573f6b5f0eb3e78a905817",
  "src/domains/endpoint/lib/resource-status.ts": "b25e2b007027de95133e2558fa32c6ec",
  "src/domains/endpoint/components/EndpointRuntimeResourcesCard.tsx": "5bd94767503745d46b96a4a884e85f46",
  "src/domains/cluster/lib/resource-status.ts": "9e759f014c4589740efe23ebdaf8bf74",
  "src/foundation/lib/gpu-device-resources.ts": "b2449b3d0582b4064aba2f0359c097a7",
  "src/foundation/components/GpuDeviceResourcesView.tsx": "b8263294748683b0fc404e1971731c20",
  "src/domains/endpoint/components/EndpointClusterGpuResourcesPanel.tsx": "b35c3309802ff13df367f98445724d2d",
  "src/domains/cluster/lib/accelerator-virtualization.ts": "d6ef94dfc840b468601b67e640b0c7bd",
  "src/domains/api-key/components/ApiKeyLimitsCard.tsx": "c8f42bfd6aa811f613952762c32fa83b",
  "src/domains/api-key/components/ApiKeyPerformanceCard.tsx": "1508301fdfb2a474634bcb31837c0f47",
  "src/domains/api-key/components/ApiKeyPolicyFields.tsx": "ec100ae5d5480901c9c6a16442728843",
  "src/domains/api-key/components/ApiKeyRankingOverview.tsx": "d9da002aebbec89d7a2468f4d8d69201",
  "src/domains/api-key/components/ModelMultiSelect.tsx": "6068a1c19a7048cf190ef4bbe964faf7",
  "src/domains/api-key/hooks/use-api-key-policy.ts": "3c22ef4f4f09707dfce3d76f5a594686",
  "src/foundation/components/resource-form-submit-context.ts": "7c5c5b5f94416e940786f87a98b3a9f8",
  "src/pages/model-catalogs/edit.tsx": "a64fdc003da2f38f5da03d87f05772a9",
  "src/pages/model-catalogs/components/FeaturesList.tsx": "e68a4369a62b564bbbdcfd3c614a4b38",
  "src/pages/model-catalogs/components/ImportDialog.tsx": "c8b67dba091272b9170ff5ea2f2c6258",
  "src/pages/model-catalogs/components/KeyConfigCard.tsx": "a3e49d8166c2440bfa82b6d6b53cc2e1",
  "src/pages/model-catalogs/components/ModelCatalogCard.tsx": "0f98845f04e091bfd562c34ce41b9cc0",
  "src/pages/model-catalogs/components/VariantTable.tsx": "3cd5dd6edd452daa33e327aaf391a9b7",
  "src/foundation/recipe/compose.ts": "c0cfe4da9024b651f47e4773318641d9",
  "src/foundation/recipe/normalize.ts": "37973e33217df534c07c56a63d07c1ed",
  "src/foundation/recipe/types.ts": "6b11c3319d89fc7158795a4dc2bfe661",
  "src/foundation/recipe/vram.ts": "f88e860dfad69d93ddf339f47e663faa",
  "src/domains/model-catalog/components/ModelInfoBadges.tsx": "40884877bb6fba896aa13f5729cbb309",
  "src/domains/endpoint/components/ComposePreview.tsx": "46c02bdd098aca320703bbad27578a6b",
  "src/domains/endpoint/components/FeaturePicker.tsx": "426fa7bf53e94d1b46f83159860bc26e",
  "src/domains/endpoint/components/VRAMCheckBadge.tsx": "8669ff213df55b49535f2134db420d66",
  "src/domains/endpoint/components/VariantPicker.tsx": "b9e5bff55ac2faa9b90c8fb8be33595c",
  "src/components/ui/switch.tsx": "62081204adcbf21dca9b67f40a677901",
  "src/foundation/lib/touched-fields.ts": "8bb21e569f8f08090d42f67df8e1e702",
  "src/foundation/lib/batch-delete.ts": "5f39355873017d5c1adbfaca77a09da7",
  "src/foundation/components/SegmentedControl.tsx": "74e15931c914fc9bb2fd8fedb53d27c6",
  "src/foundation/lib/token-quota.ts": "dee58b27c987d8ba96b05ac695044ebc",
  "src/domains/api-key/components/TokenQuotaField.tsx": "a7c98aedb46387b79bc766104feb9217",
  "src/domains/endpoint/components/ParameterSlider.tsx": "f9fd46610b6416c4164158bd71302930",
  "src/foundation/lib/device-resource-utils.ts": "7be0c31919e517221667a491023cf5a1",
  "src/foundation/components/FormSectionStack.tsx": "6d0cd459ee605f87595b8a43d12cf6e1",
  "src/foundation/components/EmptyState.tsx": "c903ef71aed05b460d0a7720fa12a84b",
  "src/pages/ai-traces/status.tsx": "115ed148e0cb242ef1a5bc53c0408097",
  "src/pages/ai-traces/components/StatusCodeFilter.tsx": "9f36fc145c432c079c278378ba8cf882",
  "src/foundation/hooks/use-debounced-value.ts": "8aaf7d58884918d88f9685cf15f809b8",
  "src/domains/model-catalog/lib/parse-catalog-spec-yaml.ts": "8c7fce686462aac981db3de837f49e4c",
  "src/domains/external-endpoint/components/FailedUpstreamAlert.tsx": "c4f1b8e4560bcb91d09dcd989fcf23ba",
  "src/domains/external-endpoint/components/UpstreamStatusBadge.tsx": "d03f3fa846d18e8f0f1ccae9495cab55",
  "src/domains/external-endpoint/lib/is-serving-phase.ts": "5c84904e77f2457c0fd42484a8da5f8a",
  "src/domains/external-endpoint/lib/match-upstream-statuses.ts": "0b9e55ff58264d5c419e466235d303dc",
  "src/domains/external-endpoint/lib/get-unavailable-models.ts": "e75dba909e0ca54c8cb6b4d10d5cbfe9",
  "src/foundation/types/model-types.ts": "80a78a25a6c7c804da328542b039310c",
  "src/foundation/lib/api/registry-models.ts": "7a0b45e22eee9ece967e6e73fe350e7d",
  "src/foundation/hooks/use-registry-models.ts": "397d8e6ccf905144e4899dc90c789c09",
  "src/domains/model-registry/hooks/use-registry-model-version.ts": "3600c55535d71900ff9ac8320da1260a",
  "src/domains/model-registry/components/ModelDeleteDialog.tsx": "f58bab7be8df9b329ec973c0c95a776a",
  "src/domains/model-registry/components/ModelEditDialog.tsx": "c9af4f5b1b5cae132240a0669762769a",
  "src/domains/model-registry/components/ModelInfoFields.tsx": "e239505537f92ff3410ef57c9ee5be9f",
  "src/domains/model-registry/components/ModelRegistryStats.tsx": "a22e82b32b59b815872b4fe939417c87",
  "src/domains/model-registry/components/RegistryModelsTable.tsx": "d3d6af660a1f9b688b661e2e2e5373d2",
  "src/foundation/components/MetadataTimestampMeta.tsx": "159be54605a2a4bf9da4204a4c00dfd9",
  "src/domains/endpoint/components/EndpointAccessSummary.tsx": "bfc5d6c12fe0d59695aece9c31360a35",
  "src/domains/endpoint/components/EndpointAdvancedParameters.tsx": "747ce1445ef75df6316c942332856247",
  "src/domains/engine/lib/resolve-capabilities.ts": "9a444cc413dae9066a7983c28c1d0fba",
  "src/domains/cluster/lib/upgrade-versions.ts": "0b8da429b7f5a4c73d1ee2cada4556ae",
  "src/domains/model-registry/components/ModelReadme.tsx": "e8e45aebce1d71183af5530dd1befb6b",
  "src/domains/model-registry/components/RegistryAvailabilityNotice.tsx": "8f2d53ca657d25eb408404beded65131",
  "src/domains/model-registry/components/RegistryVisibility.tsx": "757a8e29d1c3a91d9dac5e76e6fba909",
  "src/domains/model-registry/hooks/use-registry-model-readme.ts": "79451e098d61f0942acb9fdb3cc81a7b",
  "src/domains/model-registry/hooks/use-retry-registry-connection.ts": "8478be6a207dcfb02f0f63503dc77df7",
  "src/domains/model-registry/lib/model-card.ts": "6614d0a004271fa9e0524e8d0e656e97",
  "src/foundation/lib/api/model-registries.ts": "63aabfb75c7df819933df76333e6f67b",
  "src/foundation/lib/model-registry-visibility.ts": "24550d054dd3e6365f09c526b829302a",
  "src/domains/role/lib/format-permission.ts": "9f2b7f7a698e51dc6ba8188a808db44b",
  "src/domains/model-catalog/lib/catalog-import.ts": "0722a4c305e6f4066c9f70aed2e61ed0",
  "src/foundation/lib/error-message.ts": "e7845dbba8c0a36698c7775a078a455d",
  "src/domains/endpoint/lib/model-spec.ts": "18639ba24921f56eef631d1cbe1398fe",
  "src/foundation/components/PaginationControls.tsx": "93cfc849b897fe0d688b6dbb000ecc15",
  "src/domains/api-key/lib/create-api-key-error.ts": "f49c61569f3dba4d91247d2f7ad97913",
  "src/domains/api-key/hooks/use-api-key-project-groups.ts": "ea25e396a339f2c9356bdde173120454",
  "src/domains/api-key/hooks/use-api-key-projects.ts": "cfef148cad7902f1de0e4ea87f66adbb",
  "src/domains/api-key/components/ApiKeyLabel.tsx": "3cdf5f7478d547f4cf3fc71a97e53e28",
  "src/domains/api-key/components/ProjectPicker.tsx": "f0fa514cf0497fdc5cbedda67192f53c",
  "src/domains/model-registry/lib/model-card-html.ts": "c122c65d212a4fd311ef8abe86dcadd6",
  "src/domains/endpoint/components/WorkloadImageInput.tsx": "bbd6d7e119197e1df4a31227dc035491",
  "src/foundation/lib/registry-model-display.ts": "1a385e0a97717a0b6f0d3e77d18c7224",
  "src/foundation/lib/model-registry-availability.ts": "e34de107f2958fb231b62fd71a0fd396",
  "src/foundation/hooks/use-registry-model-version.ts": "818f61524f691ef42ef2c6c959ace365",
  "src/domains/model-registry/components/ModelRegistryWriteActions.tsx": "d265af6d1495445e1afbe3e05927a246",
  "src/domains/model-registry/components/RegistryTypeFilter.tsx": "7c8fef086b7cdcf0110b40b682d54b44",
  "src/domains/model-registry/lib/provisioning.ts": "2aedc935197cf24ee0264bbaceac802f",
  "src/foundation/lib/kv-cache.ts": "ece671374e16c9db6a62fd96f870c74d",
  "src/foundation/lib/model-info-read.ts": "b9d8f811da92aec9acbc3842a2436d0e",
  "src/domains/endpoint/components/KVCacheEstimate.tsx": "b830ba5eece2ef54c2dfa9fdc623ff08",
  "src/domains/endpoint/lib/engine-cache-args.ts": "c5d778e0a48e9ecce84b9f77b425fa44",
  "src/domains/cluster/components/ClusterResourceSummary.tsx": "2fb7857b33a274d49a472bc4d5909307",
  "src/foundation/components/MetricBar.tsx": "58b87909b5d1371dfdd6f5932adb8408",
  "src/foundation/components/ResourceUsageLegend.tsx": "c09c3da92d40c1b98d3450f65a7feb10",
  "src/domains/endpoint/lib/save-as-catalog.ts": "92faeef51fe64fcc065322c760d9443e",
  "src/domains/endpoint/components/EndpointSaveAsCatalogAction.tsx": "4a5d02cc27df64ef6f134570bdc09f1d",
  "src/domains/model-catalog/lib/catalog-model-slots.ts": "c147dc9b9985074a4c093cc3f86e6a5b",
  "src/domains/model-catalog/components/CatalogModelSlots.tsx": "6d455860b9eb42089cc8f3387d926795",
  "src/foundation/components/EndpointStatus.tsx": "ec48c1610372339234ef6b849c5040c6",
  "src/domains/endpoint/lib/catalog-origin.ts": "10d2d40c7e5cd6e84454dbdd56ebec53",
  "src/domains/endpoint/components/EndpointCatalogOrigin.tsx": "4274ff735abe2e28e0a2bf05c26faab6",
  "src/domains/endpoint/components/ImageExplorerButton.tsx": "973ded28876b9eca3f53a8d501b3f2b2",
  "src/domains/endpoint/components/ImageRegistryExplorerDialog.tsx": "0ae34e5c46b54d4bf469034c3317f6a3",
  "src/domains/endpoint/components/WorkloadImageFeatureAddon.tsx": "e2dea3a952d64af7d492cf3fd9f1c220",
  "src/domains/endpoint/lib/image-namespaces.ts": "e3266370af0d1951dcdd660120e9582a",
  "src/domains/endpoint/lib/recipe-image-feature.ts": "4707e5c397be5d5e3ac9eb5783d8c412",
  "src/foundation/hooks/use-image-repositories.ts": "f8e90671d876b9eb500a722bcfd88edd",
  "src/foundation/lib/api/image-registry-content.ts": "b9c17d2f5495d6d793c16bf5093839f4",
  "src/foundation/lib/image-reference.ts": "8200f52a33e48a24b0d355fb856ff946",
  "src/foundation/components/BreakableReference.tsx": "fa3ac0ab1cbd99466faac427cf695346",
  "src/domains/model-registry/components/ModelDetailDrawer.tsx": "378c22f5bcfe54e585d1f4bc6c8f837b",
  "src/domains/endpoint/components/EndpointWeightsEstimate.tsx": "463fd95c14714917acfdd3a639931d9d",
  "src/domains/model-catalog/components/CatalogYamlEditor.tsx": "fb11382e48877cbfa38d200ed2513633",
  "src/foundation/components/InfoHint.tsx": "8e904dedae4bc761cc4c7bcbad2705ba",
  "src/foundation/lib/model-info-display.ts": "5fbbf46d0c5708e51ce35f46c75c5e38"
}
