{
  "vite.config.ts": "a2ebabd7035347e83eb48536602b2fe1",
  "src/App.tsx": "c7bb1a531e3c5dca8baa2f1a0baf3ca9",
  "src/Root.tsx": "0bf1b5abed7cbc71c06832cc2de84f12",
  "src/index.tsx": "6eaed6f7788c9ba4ace41044c3cbc5a8",
  "src/pages/workspaces/create.tsx": "70eb5393f9fb5d9c70cdda390944cfda",
  "src/pages/workspaces/list.tsx": "3dc20f7d9ca0ea827d06752813250df8",
  "src/pages/workspaces/show.tsx": "3ba6ba7848677122cfec4248dc7ae525",
  "src/pages/workspaces/use-workspace-form.tsx": "74547a707ee26107480b3ec40820384b",
  "src/pages/users/create.tsx": "a3b4cfac07de49b9a44f8e69553ec3e4",
  "src/pages/users/edit.tsx": "71723217d207d9c42187fbc7691ffd96",
  "src/pages/users/list.tsx": "042b07f7bd3a54cc289954bcd55c5ed5",
  "src/pages/users/show.tsx": "a3461968ab4e1b67c0edd68d164fa862",
  "src/pages/users/use-user-form.tsx": "bd78cc9e9de69294058915f7e5132e34",
  "src/pages/roles/create.tsx": "dfa0b77a8872e0355915c4f55b1a5852",
  "src/pages/roles/edit.tsx": "2f4e4b657a7f896eb496fe3199fd17d2",
  "src/pages/roles/list.tsx": "2abc4886a566b462a8c676dbcb87b559",
  "src/pages/roles/show.tsx": "6bb67e6791277b644d4c2939f0fc31d9",
  "src/pages/roles/use-role-form.tsx": "f5c3e891b07db54a2827bb821d5ec25d",
  "src/pages/role-assignments/create.tsx": "296bc0aa0ab9d895d627ebb61bc68bbe",
  "src/pages/role-assignments/edit.tsx": "341d99925441f3b989308ceb5d62f88c",
  "src/pages/role-assignments/list.tsx": "0ba674a6085325b159b91cd942324e6a",
  "src/pages/role-assignments/show.tsx": "8b8acfb4b81445a4127565a60609cbbf",
  "src/pages/role-assignments/use-role-assignment-form.tsx": "53e4794345b45f0c5f6a1ca33eea849d",
  "src/pages/model-registries/create.tsx": "11d6feea60706fd9cede839018004174",
  "src/pages/model-registries/edit.tsx": "bb641b496a8a8ffdbfc3e0ce81927de6",
  "src/pages/model-registries/list.tsx": "16878f0674a3d09a02668b885f25c5c1",
  "src/pages/model-registries/show.tsx": "9da8ba6911b30d3a325e7b41f16ff1d8",
  "src/pages/model-registries/use-model-registry-form.tsx": "e33948aac639bb7b774d06bda3b2d4ec",
  "src/pages/model-catalogs/list.tsx": "4374e5ed2ac6087949c18238a6545ebc",
  "src/pages/model-catalogs/show.tsx": "e57c12eeddcebeb75ed2f3d69fade43a",
  "src/pages/image-registries/create.tsx": "fda8c74cfe9eac7104f707fb2beb3fc2",
  "src/pages/image-registries/edit.tsx": "9edb038eea2d4593af78457ac4ab7d74",
  "src/pages/image-registries/list.tsx": "ffd34ae386d74ec371ec82c0e6ca8c3b",
  "src/pages/image-registries/show.tsx": "bc5ee7f1de681e00134972d28d96ae92",
  "src/pages/image-registries/use-image-registry-form.tsx": "75ef040c5173191b21e0e0bd38ce7c9a",
  "src/pages/engines/list.tsx": "39518b2268f224c20bea32c1112e47d1",
  "src/pages/engines/show.tsx": "e19eb1e3bc3326abdbd3e89f09aabf2e",
  "src/pages/endpoints/create.tsx": "20f520ef8b5a8270d08776f9e329b21d",
  "src/pages/endpoints/edit.tsx": "899f93cfc613a0f48622a425f27c0efa",
  "src/pages/endpoints/list.tsx": "0007504ec6a8f10e47c4559369955c7f",
  "src/pages/endpoints/show.tsx": "6315dac2e0c6a16fd2e31e09d07a36d3",
  "src/pages/endpoints/use-endpoint-form.tsx": "a583a279d0efdb2767684ac6b27f278d",
  "src/pages/dashboard/Dashboard.tsx": "982bc753b2a28b3490493d99b163df59",
  "src/pages/clusters/create.tsx": "99ae7eeff08224357136dce716517270",
  "src/pages/clusters/edit.tsx": "b58a312d5d3cdd5546f1e382d4a52aa7",
  "src/pages/clusters/list.tsx": "b184b98bf0bc2781a9fafb7c058fb9b1",
  "src/pages/clusters/show.tsx": "5c520a0de409ef8ada19d4e7d17451aa",
  "src/pages/clusters/use-cluster-form.tsx": "54e3d02a99a2018fe4b03e2fcfa104c6",
  "src/pages/api-keys/list.tsx": "36e4c31cd9af30d074ce8681605e967f",
  "src/pages/api-keys/show.tsx": "fc99e62438913fcf342338326f2e4cac",
  "src/components/ui/alert-dialog.tsx": "fd2a0854b18d61d21fe0e8effd7e4cd9",
  "src/components/ui/alert.tsx": "25ac92016d099c561981ce1456ee8741",
  "src/components/ui/badge.tsx": "ee17cf4c4ae2e3bf161fcd6d1006eecc",
  "src/components/ui/breadcrumb.tsx": "82df08a923d32340565cd384babe01c7",
  "src/components/ui/button.tsx": "c8948183740d3c2351034f8b5e9fe5d2",
  "src/components/ui/card.tsx": "a21745b6e55daad1af599956327a5e8f",
  "src/components/ui/checkbox.tsx": "825b6b7a6e7aa0a7ddfc7d0f873360b3",
  "src/components/ui/collapsible.tsx": "934b00582dae08af749fb55469081de6",
  "src/components/ui/combobox.tsx": "5fbbe98f8e99281675a7d69b0188f1ca",
  "src/components/ui/command.tsx": "8e04ee47f36bca92965caf71250dd751",
  "src/components/ui/dialog.tsx": "3bc1f3b6ef9bc9929c1804a1080145c6",
  "src/components/ui/dropdown-menu.tsx": "5f62db2f8984d1ca70d01f3241683673",
  "src/components/ui/form.tsx": "c4e50441a981de5fc585023130a606da",
  "src/components/ui/hover-card.tsx": "96a13d5504bdd5a32aade24dc7df2c39",
  "src/components/ui/input.tsx": "793fcfb529f7ab30d6f269569db0dabc",
  "src/components/ui/label.tsx": "94936802965106b940908ea93ab6ca58",
  "src/components/ui/loading.tsx": "913dd92acdf36488b43493ece7f7259a",
  "src/components/ui/popover.tsx": "b60fd5a18ac4c10ef1e51272cc7c6947",
  "src/components/ui/progress.tsx": "53164cb3135255c0bcc8a21fabf5f508",
  "src/components/ui/scroll-area.tsx": "3cb075610cb184a400ef28fd216516c5",
  "src/components/ui/select.tsx": "64623577fefc1e51c6dc98992d26a8fc",
  "src/components/ui/separator.tsx": "2590cba8be4a866e21f2946c9b2e25ee",
  "src/components/ui/sheet.tsx": "24742e9e3dcf254e87c09e8690435fcd",
  "src/components/ui/sidebar.tsx": "aa7fa834324cd510cb0b114aabc2a875",
  "src/components/ui/skeleton.tsx": "ad42ae16515658d9499e3dcca3d6bb03",
  "src/components/ui/slider.tsx": "72fe9f061e31b3392e9573253541c10c",
  "src/components/ui/sonner.tsx": "416aa95c93a5d017721058fbbb5bd91d",
  "src/components/ui/table.tsx": "cdb446c3e28f77b125209f87a40e3f17",
  "src/components/ui/tabs.tsx": "fb6238b76e63a66f763d88d309cc073d",
  "src/components/ui/textarea.tsx": "3af30375753fa05d818f6555d873ed92",
  "src/components/ui/tooltip.tsx": "ccf94d843bdcf8279c564dec89068bb7",
  "src/pages/oem-config/show.tsx": "429f93bacbc5dfc737a7e23b42d9600c",
  "src/pages/oem-config/use-oem-config-form.tsx": "fda7e13d0e09e6c7c1a878ab42f3192b",
  "src/pages/license/show.tsx": "9529aaf0713270f2f0400c1f4ffe0cde",
  "vitest.config.ts": "d75745f52d9137a63c7a099433eaf68a",
  "playwright.config.ts": "f574a9fe3e92a6166d012be804a788a4",
  "src/pages/workspaces/columns.tsx": "67d99628806c1beaaddc5942a64ea5a8",
  "src/pages/users/columns.tsx": "5adc262c2a867672f0339967ce22a47e",
  "src/pages/roles/columns.tsx": "8d8844ecdcf3ecebab2e10b49525984b",
  "src/pages/role-assignments/columns.tsx": "98f44939e437297e219cbf20446c4394",
  "src/pages/model-registries/columns.tsx": "a524cd6d2590b9a464317cac28858644",
  "src/pages/model-catalogs/columns.tsx": "9c7f326b8e118d9c765a56edf1756cda",
  "src/pages/image-registries/columns.tsx": "26059246e581ccbde6f550c21c4296a1",
  "src/pages/engines/columns.tsx": "55fe8795a8d09846fa71c10ac3f54e04",
  "src/pages/endpoints/columns.tsx": "169eef01edbbe43377b6f926a4c6880a",
  "src/pages/clusters/columns.tsx": "8e327a6e64f4c0b44ec1ca7fe64bd538",
  "src/pages/auth/AuthPage.tsx": "f4392c25334e26bba455114d3fe440ed",
  "src/pages/auth/ForgotPasswordPage.tsx": "7e64828527d34f55037277fadc08d79f",
  "src/pages/auth/LoginPage.tsx": "4152306676e63c6291ff78e1abad0bc4",
  "src/pages/auth/RegisterPage.tsx": "124ef7ae9c54b3d3f888b04e33a25b8c",
  "src/pages/auth/ThemedTitle.tsx": "a60968c88b09c990fbd570c729a2f09a",
  "src/pages/auth/UpdatePasswordPage.tsx": "ca9c67eae536f4d66d9d09ac631c558a",
  "src/pages/auth/styles.ts": "e2ae7bdc30d0bd757b031104483ac3d3",
  "src/pages/api-keys/columns.tsx": "f9383083c22c38790fc05421d9d7ef00",
  "src/foundation/types/basic-types.ts": "3c00d4c7117e24a442c303c7c0ff3bfa",
  "src/foundation/types/chat-types.ts": "c31082555c7146ce3cb384794d530d87",
  "src/foundation/types/license.ts": "e7cd2bf058d508b41b5521f5cee745a3",
  "src/foundation/types/serving-types.ts": "fd367e69c6398db0bc09885312c759d1",
  "src/foundation/types/system-types.ts": "95251bc1ec54424d96b599dedf23ffeb",
  "src/foundation/providers/deleteProvider.tsx": "0b070f7c7578da327cd966e40843ba30",
  "src/foundation/providers/notificationProvider.ts": "e5c362d105d384b20439efe3c0446035",
  "src/foundation/providers/themeProvider.tsx": "7ec4d0251e080afaf2d76f6ec7cf37fb",
  "src/foundation/providers/data-provider/index.ts": "eb661c4fd0b5c12adff75a1c5ca2d134",
  "src/foundation/providers/data-provider/utils/generate-filter.ts": "e49e4c6af03afcc2026b436e63814d9b",
  "src/foundation/providers/data-provider/utils/handle-error.ts": "bd404b9fbf8c81eae7941b4bca78623f",
  "src/foundation/providers/data-provider/utils/map-operator.ts": "4aafc8f97463e07318fabaf816f8d321",
  "src/foundation/providers/auth-provider/index.ts": "0cc3bae4e957697f4c577820a0b827fe",
  "src/foundation/lib/column-visibility-storage.ts": "1c01bd1a7acbeac08880f87e23fbfb51",
  "src/foundation/lib/constant.ts": "9065e6a19b4fe8499eae6b7ec59f495c",
  "src/foundation/lib/grafana-dashboard-configs.ts": "024d2a691992b9e97650495f71c40f10",
  "src/foundation/lib/i18n.ts": "5c04e409bf1631158e6407e5b5e8dbbb",
  "src/foundation/lib/plural.ts": "5d10922518b7de7bf6db90ce2e078f5f",
  "src/foundation/lib/unit.ts": "22ffe4a8ff95c7f176c4cbb461044d07",
  "src/foundation/lib/utils.ts": "618d00bf4537ce84f9ba62c5b215fb30",
  "src/foundation/lib/validate.ts": "b559ad2b7a793298c92e98915b53d493",
  "src/foundation/lib/api/api-gen.ts": "3dc0fd3bee6e4ab06690dcf9d494cd81",
  "src/foundation/lib/api/index.ts": "dd598b7ac20a55d8a1791983f31d47c0",
  "src/foundation/hooks/use-column-visibility.ts": "34df48e802e538f49e37e3e7af1722e5",
  "src/foundation/hooks/use-delete-helper.tsx": "590940db014362dc6a7e84c0dfa4e8fd",
  "src/foundation/hooks/use-get-edit-url.tsx": "c222f1fb88b01897a74812fecaece962",
  "src/foundation/hooks/use-license.ts": "e1950c85424a4a5226549b4d770f0088",
  "src/foundation/hooks/use-mobile.tsx": "21f0293b823c5298aa735fc013840cff",
  "src/foundation/hooks/use-oem-config.ts": "8e6127cb2238f5f28b563387e930a7fb",
  "src/foundation/hooks/use-on-back.tsx": "1b26d63d0f617db082c262caaccd52b5",
  "src/foundation/hooks/use-system-api.ts": "df32ab192beead6acc8b9d53bc0789f9",
  "src/foundation/hooks/use-workspace.ts": "07ac723968c4c0cfa011de7ca7f1e561",
  "src/foundation/hooks/use-yaml-export.ts": "f202af23f19ec96d878f3cfd276645ab",
  "src/foundation/hooks/use-yaml-import.ts": "bf228c58ddc4332e73685fc134480a00",
  "src/foundation/components/AppBreadcrumbs.tsx": "01bacc5c5573275c18a2fdccf99ce43a",
  "src/foundation/components/AppSidebar.tsx": "f95a8e8b0bbda11da0c400bbfd37746e",
  "src/foundation/components/BaseLayout.tsx": "cab3afd6be8da3996fd51c2af9f12de9",
  "src/foundation/components/BaseStatus.tsx": "e87408ff90abe30811f2aa021d6f9c00",
  "src/foundation/components/BatchDeleteBar.tsx": "0ddfad1b0256e3269bdfda1ac7a66ffa",
  "src/foundation/components/ConfirmDialog.tsx": "ebe2dec7a0f7bf14ffce2aba33b5e040",
  "src/foundation/components/CreateButton.tsx": "6e3741144546089ed5bad8c1d1ff35cf",
  "src/foundation/components/DefaultLayout.tsx": "1efe07e1ec0621ec845daae497764550",
  "src/foundation/components/DeleteConfirmDialog.tsx": "0f6cea568f6a58bd3228ba64b694112f",
  "src/foundation/components/FormCardGrid.tsx": "9b1c61e5139d5afe2fad4858930c7a8c",
  "src/foundation/components/FormCombobox.tsx": "305512a954f1b05c79c97bb02e43d39b",
  "src/foundation/components/FormFieldGroup.tsx": "cd6871917e5536f84e9f147d4e30dd11",
  "src/foundation/components/FormSelect.tsx": "ac1efe26cbc1a6dd715f4aa663a297cf",
  "src/foundation/components/GrafanaDashboard.tsx": "b6bd84eff4bebe9b19f43dd05081ad5e",
  "src/foundation/components/Link.tsx": "7f5b855f64252dad39c4d5634739e454",
  "src/foundation/components/ListPage.tsx": "2929a4b73d7fd9fe255be643988cb651",
  "src/foundation/components/Loader.tsx": "8c8234b56081205a0c3ce9fc9e8ffb6c",
  "src/foundation/components/Logo.tsx": "56d75816fd71846d2c947a632970ad41",
  "src/foundation/components/LogoutButton.tsx": "e909e3580dfb6093832f32c542c7fece",
  "src/foundation/components/MetadataCard.tsx": "de241749c7fc2d28bcae5fc524052e2c",
  "src/foundation/components/ModeToggle.tsx": "0edf6268fba37710f867eae927598277",
  "src/foundation/components/PageHeader.tsx": "648f80aa5b4c6eb2f1d899be609e72c0",
  "src/foundation/components/ResourceForm.tsx": "f86ed3a0282b81bffe6ddcb24ad4217e",
  "src/foundation/components/SaveButton.tsx": "ea4fd9a4181a12263bd5d48d8b1657d0",
  "src/foundation/components/ShowButton.tsx": "7ed3be7d36dbb8cf474279167ee047fc",
  "src/foundation/components/ShowPage.tsx": "7af76e69fef28e7ce0229af2dbdb921f",
  "src/foundation/components/Table.tsx": "347882d03c8580072fdca7c296f6eab2",
  "src/foundation/components/TableSearch.tsx": "aa140def5366ba3b5fce0855bd4495dd",
  "src/foundation/components/Timestamp.tsx": "dfe8682fb2f86e073f8e4c2e6903fbda",
  "src/foundation/components/UserDropdown.tsx": "36d7c46c576704fbb5de97873a4a64a3",
  "src/foundation/components/WorkspaceField.tsx": "218eb9f1813a9af571233b4acdc20fcf",
  "src/foundation/components/WorkspaceSelect.tsx": "4494ef3501641429b47822fe5a9475f9",
  "src/foundation/components/YamlExportButton.tsx": "fef2b5c630ba49c01d9467e82978c7b1",
  "src/foundation/components/YamlExportDialog.tsx": "9b4dedf1aad6f814a483383a7e9d98ac",
  "src/foundation/components/YamlImportButton.tsx": "6a4ef354414cd46d8ed8f259bf4ad26a",
  "src/foundation/components/YamlImportDialog.tsx": "ecae062e97a1907f1e7255c76afc0dac",
  "src/foundation/components/metadata-columns.tsx": "00c6752e9333d576a9db14843ef7709c",
  "src/domains/workspace/types.ts": "b66c7989e9e3d0632099aee7fa3e7720",
  "src/domains/user/types.ts": "46f595f24d513d8484343153cf547ca1",
  "src/domains/role-assignment/types.ts": "ef54639c9b39af1db44d8956f4fc1759",
  "src/domains/role-assignment/components/UserCell.tsx": "ddabf86c8ea0897d69b22f9ac5b73f77",
  "src/domains/role/types.ts": "028f396f3feed6a3ff27cd3445cad5f4",
  "src/domains/role/hooks/use-permission-dependencies.ts": "93fbcbaa6fb35c8d86667fb21150f640",
  "src/domains/role/components/PermissionsTree.tsx": "70d1f5fc23960b83cc1b4939f6052b36",
  "src/domains/role/components/PermissionsTreeField.tsx": "752f3f11a536c4a9438cb38785c43570",
  "src/domains/model-registry/types.ts": "f1af5141f8aee9c147932bdda6f34ca6",
  "src/domains/model-registry/components/ModelRegistryStatus.tsx": "2683d6d752fe80c13efa3583d4e1985f",
  "src/domains/model-registry/components/ModelRegistryType.tsx": "9585615662f17ec03ea42671bc52df5c",
  "src/domains/model-catalog/types.ts": "47d13619e9a0fd21cce5cb82d0b017f2",
  "src/domains/model-catalog/components/ModelCatalogStatus.tsx": "a090e1d95df3be6f6b9e722e9aebd528",
  "src/domains/image-registry/types.ts": "d63ecb27f4dd788187d49224d2ac2e0d",
  "src/domains/image-registry/components/ImageRegistryStatus.tsx": "a173cda0e38d0c9359063af149ac22ea",
  "src/domains/engine/types.ts": "3d7707317a940caec7f051551b6b9408",
  "src/domains/engine/hooks/use-variables-input.ts": "4b89bf232a2e5ae081417eb32cd07b27",
  "src/domains/engine/components/EngineStatus.tsx": "1ba8a5528231958fe6e8fda82f0873cf",
  "src/domains/engine/components/EngineVariablesCard.tsx": "110fc9a5e9e0cd1a899a4d019c4b2acc",
  "src/domains/engine/components/EngineVersions.tsx": "46eb6987394db5f7c5cf8fed3204e074",
  "src/domains/engine/components/JsonSchemaValueVisualizer.tsx": "b0b286016ce48273cf5a327de38a0f97",
  "src/domains/engine/components/JsonSchemaVisualizer.tsx": "ceda858ca87322f78fc713a93a0a0ac7",
  "src/domains/engine/components/VariablesInput.tsx": "4f30e1166cbdc0aff5a0409faf74eed0",
  "src/domains/endpoint/types.ts": "a5a31d86284f9cba422138f7901381b3",
  "src/domains/endpoint/hooks/use-chat-state.ts": "094d9c572609338e647b6b020234e0d5",
  "src/domains/endpoint/hooks/use-endpoint-log-sources.ts": "6af8be2cdbab365427f000d0f9c99ae9",
  "src/domains/endpoint/hooks/use-endpoint-monitor-panels.ts": "c5b764cdcdba12b041dc75f2e7f06069",
  "src/domains/endpoint/hooks/use-endpoint-resources.ts": "317792312a52e0d145765e7dd4dd8785",
  "src/domains/endpoint/hooks/use-streaming-logs.ts": "1d8b9797310db32450bc6817f5313797",
  "src/domains/endpoint/components/ChatPlayground.tsx": "20dfbfffcaeaaeb194c47dc8879b0b93",
  "src/domains/endpoint/components/ChatSidebar.tsx": "19de5399e7ae83d6d220bc7803ef93b9",
  "src/domains/endpoint/components/DeploymentConfigCard.tsx": "b7dfb1faec09a87be1e888d34c7fc338",
  "src/domains/endpoint/components/EmbeddingPlayground.tsx": "f3571671096fa2d2b7d51c9368be5b7d",
  "src/domains/endpoint/components/EndpointEngine.tsx": "70863dcae9d6b5373eb196a8fd445bbb",
  "src/domains/endpoint/components/EndpointLogTabs.tsx": "8ab81e4ef99fc85e6fea590d788d64f3",
  "src/domains/endpoint/components/EndpointModel.tsx": "4c634fda5f1146cd428486d64b6e53a6",
  "src/domains/endpoint/components/EndpointPauseAction.tsx": "63ac7fafcdcc5f5b9bce2716f061dc0d",
  "src/domains/endpoint/components/EndpointStatus.tsx": "f6e686c6b984351ffc9bc7ae5ebb8b6e",
  "src/domains/endpoint/components/FunctionDialog.tsx": "ff7aef799f233272f766c615c711e6fc",
  "src/domains/endpoint/components/FunctionsManager.tsx": "340fa3f88d2568eb76209f4b36278c0b",
  "src/domains/endpoint/components/LogViewer.tsx": "a87aa4199d5fcc36a9870a8f4a361a18",
  "src/domains/endpoint/components/ModelTask.tsx": "e77e0354587affc9ca0713bd186dfb4b",
  "src/domains/endpoint/components/ModelTaskFilter.tsx": "da8acdefa5bd22960ea8274953f6f3c6",
  "src/domains/endpoint/components/RerankPlayground.tsx": "c63e0ad17cf382ecb25ce758658e971c",
  "src/domains/endpoint/components/ResourcesCard.tsx": "ff5145157bffaa74000b0994f14c04f2",
  "src/domains/endpoint/components/SliderWithInput.tsx": "ba53314148c0d5b1d1d3d9c4d71eb1a2",
  "src/domains/endpoint/components/VirtualLog.tsx": "632596e5815234d0bc29e64349ad1178",
  "src/domains/endpoint/components/maxlength-selector.tsx": "91511356594fa7cd5ad104c217b88765",
  "src/domains/endpoint/components/temperature-selector.tsx": "b2c4bb1aede0b02c91d9794c77e3221c",
  "src/domains/endpoint/components/top-p-selector.tsx": "e424b431fb0be770e7b734375151393c",
  "src/domains/cluster/types.ts": "1cf5a5185b277dd1381320c38522a20e",
  "src/domains/cluster/lib/cluster-resources.ts": "f513f864041d421d07dd8c2c0d3931e2",
  "src/domains/cluster/lib/get-ray-dashboard-proxy.ts": "a4a3c75f58c68ee9dca572ad3a70c62b",
  "src/domains/cluster/hooks/use-cluster-monitor-panels.ts": "18f9cf1e6422f66493f6d182c18c746c",
  "src/domains/cluster/components/ClusterStatus.tsx": "d9b6abe7ae720eec86345f2febcb7b27",
  "src/domains/cluster/components/ClusterType.tsx": "439521dd989dcf3b6054bdea68e542e8",
  "src/domains/cluster/components/NodeIPsField.tsx": "20e081b1522ccbe75ca4b571fb30100e",
  "src/domains/api-key/types.ts": "a6ce6560900fb7f7145103f3060534a1",
  "src/foundation/lib/yaml-transform.ts": "dc8dc9b4f12c8a4565cb2ad4b21e286f"
}
