{
  "vite.config.ts": "a2ebabd7035347e83eb48536602b2fe1",
  "src/App.tsx": "f19688157e3025633937e3aba95d5cb0",
  "src/Root.tsx": "0bf1b5abed7cbc71c06832cc2de84f12",
  "src/index.tsx": "6eaed6f7788c9ba4ace41044c3cbc5a8",
  "src/pages/workspaces/create.tsx": "eda0d8545f33f74948967657ec231e35",
  "src/pages/workspaces/list.tsx": "1f958864c43af019c79e487e2deac197",
  "src/pages/workspaces/show.tsx": "a3ffa6d894a5d9e857644c8ff3d31c09",
  "src/pages/users/create.tsx": "390446d8eda46dad0cb2755d730d18fe",
  "src/pages/users/edit.tsx": "4ef9f5dbac208347e1eabea7fe030590",
  "src/pages/users/list.tsx": "7b573838100c53d9e2850c7b1a344e69",
  "src/pages/users/show.tsx": "ffc91610cb6c46db920bdad639315a07",
  "src/pages/roles/create.tsx": "47ca26f5f8fe1da9523d55c7f66222c9",
  "src/pages/roles/edit.tsx": "a29fb364e33335131654e52c24ea9811",
  "src/pages/roles/list.tsx": "bf4355f67f4f3d02d6ff412fe67e0b34",
  "src/pages/roles/show.tsx": "6773d2f5eee54b0b3e02dd33e47a5191",
  "src/pages/role-assignments/create.tsx": "7184ce49ccb02f96e391f9f2db221ad3",
  "src/pages/role-assignments/edit.tsx": "13226758e1fd17316f5a248226766a20",
  "src/pages/role-assignments/list.tsx": "4af638a7a7f2695ab9f11e4fd9d137fd",
  "src/pages/role-assignments/show.tsx": "8b8acfb4b81445a4127565a60609cbbf",
  "src/pages/model-registries/create.tsx": "c2ce0d519c85a63cbff51df48d8453bd",
  "src/pages/model-registries/edit.tsx": "0f8edeacc4f79e9814958f468a96fb87",
  "src/pages/model-registries/list.tsx": "0ab15b64c879d9369f5f97ac198daf2b",
  "src/pages/model-registries/show.tsx": "9da8ba6911b30d3a325e7b41f16ff1d8",
  "src/pages/model-catalogs/list.tsx": "fe96d303469eb5866c0945d6cd3d6cb8",
  "src/pages/model-catalogs/show.tsx": "e57c12eeddcebeb75ed2f3d69fade43a",
  "src/pages/image-registries/create.tsx": "8f23795e86d78127382ef53a8cb15488",
  "src/pages/image-registries/edit.tsx": "70b4ec2249988bba2726da5308172e49",
  "src/pages/image-registries/list.tsx": "2f5ca9c3216946403689bede93a5ae0a",
  "src/pages/image-registries/show.tsx": "bc5ee7f1de681e00134972d28d96ae92",
  "src/pages/engines/list.tsx": "38962bc85827a7e19fa4268d8de98836",
  "src/pages/engines/show.tsx": "e19eb1e3bc3326abdbd3e89f09aabf2e",
  "src/pages/endpoints/create.tsx": "b5ddb4884b5e78497ba6b421685b1a0e",
  "src/pages/endpoints/edit.tsx": "23519d0d1c37c85b64567f7e6b42ff1d",
  "src/pages/endpoints/list.tsx": "aa1f159a45560783cd05531e54829a02",
  "src/pages/endpoints/show.tsx": "5b7a9ac0a04e33d09b809fbabf5a60ed",
  "src/pages/dashboard/Dashboard.tsx": "982bc753b2a28b3490493d99b163df59",
  "src/pages/clusters/create.tsx": "1c086f83bd49a27c1628b075d485aaa5",
  "src/pages/clusters/edit.tsx": "03ee3be7dcd7b2639e66baff8ab987a1",
  "src/pages/clusters/list.tsx": "ca73ad6105d1eca4b3a23fc0bf50bf07",
  "src/pages/clusters/show.tsx": "b9e84ee705bf92e373640a1e75d04de5",
  "src/pages/api-keys/list.tsx": "93457bd6ae599c9cd8aa10036e7d846e",
  "src/pages/api-keys/show.tsx": "133e54b0fb9a1fb28753e9438bea550b",
  "src/components/ui/alert-dialog.tsx": "fd2a0854b18d61d21fe0e8effd7e4cd9",
  "src/components/ui/alert.tsx": "25ac92016d099c561981ce1456ee8741",
  "src/components/ui/badge.tsx": "ee17cf4c4ae2e3bf161fcd6d1006eecc",
  "src/components/ui/breadcrumb.tsx": "82df08a923d32340565cd384babe01c7",
  "src/components/ui/button.tsx": "c8948183740d3c2351034f8b5e9fe5d2",
  "src/components/ui/card.tsx": "a21745b6e55daad1af599956327a5e8f",
  "src/components/ui/checkbox.tsx": "825b6b7a6e7aa0a7ddfc7d0f873360b3",
  "src/components/ui/collapsible.tsx": "934b00582dae08af749fb55469081de6",
  "src/components/ui/combobox.tsx": "42859807cc8c3b00147b1d9a56c42786",
  "src/components/ui/command.tsx": "8e04ee47f36bca92965caf71250dd751",
  "src/components/ui/dialog.tsx": "3bc1f3b6ef9bc9929c1804a1080145c6",
  "src/components/ui/dropdown-menu.tsx": "5f62db2f8984d1ca70d01f3241683673",
  "src/components/ui/form.tsx": "c4e50441a981de5fc585023130a606da",
  "src/components/ui/hover-card.tsx": "96a13d5504bdd5a32aade24dc7df2c39",
  "src/components/ui/input.tsx": "793fcfb529f7ab30d6f269569db0dabc",
  "src/components/ui/label.tsx": "94936802965106b940908ea93ab6ca58",
  "src/components/ui/loading.tsx": "913dd92acdf36488b43493ece7f7259a",
  "src/components/ui/popover.tsx": "b60fd5a18ac4c10ef1e51272cc7c6947",
  "src/components/ui/progress.tsx": "53164cb3135255c0bcc8a21fabf5f508",
  "src/components/ui/scroll-area.tsx": "3cb075610cb184a400ef28fd216516c5",
  "src/components/ui/select.tsx": "64623577fefc1e51c6dc98992d26a8fc",
  "src/components/ui/separator.tsx": "2590cba8be4a866e21f2946c9b2e25ee",
  "src/components/ui/sheet.tsx": "24742e9e3dcf254e87c09e8690435fcd",
  "src/components/ui/sidebar.tsx": "aa7fa834324cd510cb0b114aabc2a875",
  "src/components/ui/skeleton.tsx": "ad42ae16515658d9499e3dcca3d6bb03",
  "src/components/ui/slider.tsx": "72fe9f061e31b3392e9573253541c10c",
  "src/components/ui/sonner.tsx": "416aa95c93a5d017721058fbbb5bd91d",
  "src/components/ui/table.tsx": "cdb446c3e28f77b125209f87a40e3f17",
  "src/components/ui/tabs.tsx": "fb6238b76e63a66f763d88d309cc073d",
  "src/components/ui/textarea.tsx": "3af30375753fa05d818f6555d873ed92",
  "src/components/ui/tooltip.tsx": "ccf94d843bdcf8279c564dec89068bb7",
  "src/pages/oem-config/show.tsx": "429f93bacbc5dfc737a7e23b42d9600c",
  "src/pages/oem-config/use-oem-config-form.tsx": "fda7e13d0e09e6c7c1a878ab42f3192b",
  "src/pages/license/show.tsx": "587c5b7720e9b298859be07f2863bd36",
  "vitest.config.ts": "6e026a005e7f4ed7aa7f567b9999c069",
  "playwright.config.ts": "1e624a5e7453327ec44105e414fc39d7",
  "src/pages/auth/AuthPage.tsx": "f4392c25334e26bba455114d3fe440ed",
  "src/pages/auth/ForgotPasswordPage.tsx": "f16e847fd4935b49246e9e8cb6b11b6f",
  "src/pages/auth/LoginPage.tsx": "dad1a585279952b94ac288cf003fb6e9",
  "src/pages/auth/RegisterPage.tsx": "baf9cba1a8650089e73706c2e7db15ef",
  "src/pages/auth/ThemedTitle.tsx": "a60968c88b09c990fbd570c729a2f09a",
  "src/pages/auth/UpdatePasswordPage.tsx": "f7b66d5da92c908dd52c2213cef8c7ea",
  "src/pages/auth/styles.ts": "e2ae7bdc30d0bd757b031104483ac3d3",
  "src/foundation/types/basic-types.ts": "3c00d4c7117e24a442c303c7c0ff3bfa",
  "src/foundation/types/chat-types.ts": "c31082555c7146ce3cb384794d530d87",
  "src/foundation/types/license.ts": "e7cd2bf058d508b41b5521f5cee745a3",
  "src/foundation/types/serving-types.ts": "fd367e69c6398db0bc09885312c759d1",
  "src/foundation/types/system-types.ts": "95251bc1ec54424d96b599dedf23ffeb",
  "src/foundation/providers/data-provider/index.ts": "2e0faf1150c368ef33d0093f1b59c27b",
  "src/foundation/providers/data-provider/utils/generate-filter.ts": "5d3bce54e997574b28f34e20392290be",
  "src/foundation/providers/data-provider/utils/handle-error.ts": "bd404b9fbf8c81eae7941b4bca78623f",
  "src/foundation/providers/data-provider/utils/map-operator.ts": "4aafc8f97463e07318fabaf816f8d321",
  "src/foundation/providers/auth-provider/index.ts": "8f2303554f7e3ffd8f27a421471963f5",
  "src/foundation/lib/column-visibility-storage.ts": "1c01bd1a7acbeac08880f87e23fbfb51",
  "src/foundation/lib/constant.ts": "9065e6a19b4fe8499eae6b7ec59f495c",
  "src/foundation/lib/grafana-dashboard-configs.ts": "40d6fc466139899bbff9d0b3f6ac5e1b",
  "src/foundation/lib/i18n.ts": "5c04e409bf1631158e6407e5b5e8dbbb",
  "src/foundation/lib/plural.ts": "5d10922518b7de7bf6db90ce2e078f5f",
  "src/foundation/lib/unit.ts": "11b547f08b0fc547ae3070e7aaa11597",
  "src/foundation/lib/utils.ts": "618d00bf4537ce84f9ba62c5b215fb30",
  "src/foundation/lib/validate.ts": "5b121181f9539313e8400c5a7cf35ae2",
  "src/foundation/lib/api/api-gen.ts": "57df3f496d3097b8d6c0a60efc7a6c0b",
  "src/foundation/lib/api/index.ts": "dd598b7ac20a55d8a1791983f31d47c0",
  "src/foundation/hooks/use-column-visibility.ts": "34df48e802e538f49e37e3e7af1722e5",
  "src/foundation/hooks/use-delete-helper.tsx": "590940db014362dc6a7e84c0dfa4e8fd",
  "src/foundation/hooks/use-get-edit-url.tsx": "c222f1fb88b01897a74812fecaece962",
  "src/foundation/hooks/use-license.ts": "e1950c85424a4a5226549b4d770f0088",
  "src/foundation/hooks/use-mobile.tsx": "21f0293b823c5298aa735fc013840cff",
  "src/foundation/hooks/use-oem-config.ts": "8e6127cb2238f5f28b563387e930a7fb",
  "src/foundation/hooks/use-on-back.tsx": "1b26d63d0f617db082c262caaccd52b5",
  "src/foundation/hooks/use-system-api.ts": "df32ab192beead6acc8b9d53bc0789f9",
  "src/foundation/hooks/use-workspace.ts": "07ac723968c4c0cfa011de7ca7f1e561",
  "src/foundation/hooks/use-yaml-export.ts": "edf7b08698c183412ea69be37f7cf54f",
  "src/foundation/hooks/use-yaml-import.ts": "bf228c58ddc4332e73685fc134480a00",
  "src/foundation/components/AppBreadcrumbs.tsx": "01bacc5c5573275c18a2fdccf99ce43a",
  "src/foundation/components/AppSidebar.tsx": "2bf74a7a63eadc4382a0797120a6ee64",
  "src/foundation/components/BaseLayout.tsx": "64ddc4474cb6be136156ab722644c460",
  "src/foundation/components/BaseStatus.tsx": "4bdd1a3d50997cad867e852e5526a2c2",
  "src/foundation/components/BatchDeleteBar.tsx": "9825a8c0178b4a6bef389c8d61e326a4",
  "src/foundation/components/ConfirmDialog.tsx": "ebe2dec7a0f7bf14ffce2aba33b5e040",
  "src/foundation/components/CreateButton.tsx": "6e3741144546089ed5bad8c1d1ff35cf",
  "src/foundation/components/DefaultLayout.tsx": "1efe07e1ec0621ec845daae497764550",
  "src/foundation/components/DeleteConfirmDialog.tsx": "0f6cea568f6a58bd3228ba64b694112f",
  "src/foundation/components/FormCardGrid.tsx": "9b1c61e5139d5afe2fad4858930c7a8c",
  "src/foundation/components/FormCombobox.tsx": "305512a954f1b05c79c97bb02e43d39b",
  "src/foundation/components/FormFieldGroup.tsx": "0060fa8474261de4450f351b55658386",
  "src/foundation/components/FormSelect.tsx": "ac1efe26cbc1a6dd715f4aa663a297cf",
  "src/foundation/components/GrafanaDashboard.tsx": "e4ecc4941d48c37b6360fabb00395828",
  "src/foundation/components/Link.tsx": "7f5b855f64252dad39c4d5634739e454",
  "src/foundation/components/ListPage.tsx": "a62689aca5a3590fdbe12a541849845c",
  "src/foundation/components/Loader.tsx": "8c8234b56081205a0c3ce9fc9e8ffb6c",
  "src/foundation/components/Logo.tsx": "56d75816fd71846d2c947a632970ad41",
  "src/foundation/components/LogoutButton.tsx": "e909e3580dfb6093832f32c542c7fece",
  "src/foundation/components/MetadataCard.tsx": "de241749c7fc2d28bcae5fc524052e2c",
  "src/foundation/components/ModeToggle.tsx": "0edf6268fba37710f867eae927598277",
  "src/foundation/components/PageHeader.tsx": "648f80aa5b4c6eb2f1d899be609e72c0",
  "src/foundation/components/ResourceForm.tsx": "c99578dfa73fb2d2a84bc45508329f20",
  "src/foundation/components/SaveButton.tsx": "ea4fd9a4181a12263bd5d48d8b1657d0",
  "src/foundation/components/ShowButton.tsx": "7ed3be7d36dbb8cf474279167ee047fc",
  "src/foundation/components/ShowPage.tsx": "49a7d877ee60f0c61b3cc519fbb36956",
  "src/foundation/components/Table.tsx": "cf11ff21e637ff9ba20c5a37d82dd432",
  "src/foundation/components/TableSearch.tsx": "9db3e9145e21e1b61edda8484449ba35",
  "src/foundation/components/Timestamp.tsx": "dfe8682fb2f86e073f8e4c2e6903fbda",
  "src/foundation/components/UserDropdown.tsx": "36d7c46c576704fbb5de97873a4a64a3",
  "src/foundation/components/WorkspaceField.tsx": "218eb9f1813a9af571233b4acdc20fcf",
  "src/foundation/components/WorkspaceSelect.tsx": "4494ef3501641429b47822fe5a9475f9",
  "src/foundation/components/YamlExportButton.tsx": "fef2b5c630ba49c01d9467e82978c7b1",
  "src/foundation/components/YamlExportDialog.tsx": "60a714cddc1f0cbd0662bb2d7b2645e0",
  "src/foundation/components/YamlImportButton.tsx": "6a4ef354414cd46d8ed8f259bf4ad26a",
  "src/foundation/components/YamlImportDialog.tsx": "ecae062e97a1907f1e7255c76afc0dac",
  "src/foundation/components/metadata-columns.tsx": "00c6752e9333d576a9db14843ef7709c",
  "src/domains/workspace/types.ts": "b66c7989e9e3d0632099aee7fa3e7720",
  "src/domains/user/types.ts": "46f595f24d513d8484343153cf547ca1",
  "src/domains/role-assignment/types.ts": "ef54639c9b39af1db44d8956f4fc1759",
  "src/domains/role-assignment/components/UserCell.tsx": "ddabf86c8ea0897d69b22f9ac5b73f77",
  "src/domains/role/types.ts": "65ee23d50d12b87f5f1e0a2df42ee3f9",
  "src/domains/role/hooks/use-permission-dependencies.ts": "93fbcbaa6fb35c8d86667fb21150f640",
  "src/domains/role/components/PermissionsTree.tsx": "70d1f5fc23960b83cc1b4939f6052b36",
  "src/domains/role/components/PermissionsTreeField.tsx": "752f3f11a536c4a9438cb38785c43570",
  "src/domains/model-registry/types.ts": "f1af5141f8aee9c147932bdda6f34ca6",
  "src/domains/model-registry/components/ModelRegistryStatus.tsx": "2683d6d752fe80c13efa3583d4e1985f",
  "src/domains/model-registry/components/ModelRegistryType.tsx": "9585615662f17ec03ea42671bc52df5c",
  "src/domains/model-catalog/types.ts": "47d13619e9a0fd21cce5cb82d0b017f2",
  "src/domains/model-catalog/components/ModelCatalogStatus.tsx": "a090e1d95df3be6f6b9e722e9aebd528",
  "src/domains/image-registry/types.ts": "d63ecb27f4dd788187d49224d2ac2e0d",
  "src/domains/image-registry/components/ImageRegistryStatus.tsx": "a173cda0e38d0c9359063af149ac22ea",
  "src/domains/engine/types.ts": "3d7707317a940caec7f051551b6b9408",
  "src/domains/engine/components/EngineStatus.tsx": "1ba8a5528231958fe6e8fda82f0873cf",
  "src/domains/engine/components/EngineVariablesCard.tsx": "110fc9a5e9e0cd1a899a4d019c4b2acc",
  "src/domains/engine/components/EngineVersions.tsx": "46eb6987394db5f7c5cf8fed3204e074",
  "src/domains/engine/components/JsonSchemaValueVisualizer.tsx": "69fffc767795ca888e2b3a313734535f",
  "src/domains/engine/components/JsonSchemaVisualizer.tsx": "6fae73d6b346017cdcb9978a01e14e2b",
  "src/domains/endpoint/types.ts": "f91a12a5dadb80eba826a38682f9fadb",
  "src/domains/endpoint/hooks/use-chat-state.ts": "094d9c572609338e647b6b020234e0d5",
  "src/domains/endpoint/hooks/use-endpoint-log-sources.ts": "db5f58fbfdf90e73192f68cd4c29b7da",
  "src/domains/endpoint/hooks/use-endpoint-monitor-panels.ts": "c5b764cdcdba12b041dc75f2e7f06069",
  "src/domains/endpoint/hooks/use-endpoint-resources.ts": "317792312a52e0d145765e7dd4dd8785",
  "src/domains/endpoint/hooks/use-streaming-logs.ts": "1d8b9797310db32450bc6817f5313797",
  "src/domains/endpoint/components/ChatPlayground.tsx": "ad2794daa4d1a16c178e60bbb8bea19c",
  "src/domains/endpoint/components/ChatSidebar.tsx": "19de5399e7ae83d6d220bc7803ef93b9",
  "src/domains/endpoint/components/DeploymentConfigCard.tsx": "b7dfb1faec09a87be1e888d34c7fc338",
  "src/domains/endpoint/components/EmbeddingPlayground.tsx": "f8c4bf8037adf55bb94045bdb901a883",
  "src/domains/endpoint/components/EndpointEngine.tsx": "70863dcae9d6b5373eb196a8fd445bbb",
  "src/domains/endpoint/components/EndpointLogTabs.tsx": "6d181e8b8c2abc20af6181f3ff19e585",
  "src/domains/endpoint/components/EndpointModel.tsx": "4c634fda5f1146cd428486d64b6e53a6",
  "src/domains/endpoint/components/EndpointPauseAction.tsx": "52154e666e54f6f804b4f012ab2db172",
  "src/domains/endpoint/components/EndpointStatus.tsx": "f6e686c6b984351ffc9bc7ae5ebb8b6e",
  "src/domains/endpoint/components/FunctionDialog.tsx": "ff7aef799f233272f766c615c711e6fc",
  "src/domains/endpoint/components/FunctionsManager.tsx": "340fa3f88d2568eb76209f4b36278c0b",
  "src/domains/endpoint/components/LogViewer.tsx": "a87aa4199d5fcc36a9870a8f4a361a18",
  "src/domains/endpoint/components/ModelTask.tsx": "e77e0354587affc9ca0713bd186dfb4b",
  "src/domains/endpoint/components/ModelTaskFilter.tsx": "da8acdefa5bd22960ea8274953f6f3c6",
  "src/domains/endpoint/components/RerankPlayground.tsx": "a4409b6861a882c89aecb9aec8c878e3",
  "src/domains/endpoint/components/ResourcesCard.tsx": "ff5145157bffaa74000b0994f14c04f2",
  "src/domains/endpoint/components/SliderWithInput.tsx": "79e861ce4a0846107bdad89c93389131",
  "src/domains/endpoint/components/VirtualLog.tsx": "3699a7fcf2256dd95241412bb43bf99a",
  "src/domains/cluster/types.ts": "7d2cdf2d46d1302000d6b5d25b281241",
  "src/domains/cluster/lib/get-ray-dashboard-proxy.ts": "a4a3c75f58c68ee9dca572ad3a70c62b",
  "src/domains/cluster/hooks/use-cluster-monitor-panels.ts": "18f9cf1e6422f66493f6d182c18c746c",
  "src/domains/cluster/components/ClusterStatus.tsx": "532287ae3d6040ed5dbfc7beac04f524",
  "src/domains/cluster/components/ClusterType.tsx": "439521dd989dcf3b6054bdea68e542e8",
  "src/domains/cluster/components/NodeIPsField.tsx": "26458bb02e6907bcba9e743b5d9c52ca",
  "src/domains/api-key/types.ts": "abd0d3c280b79fea2d745f02dc8022a9",
  "src/foundation/lib/yaml-transform.ts": "dc8dc9b4f12c8a4565cb2ad4b21e286f",
  "src/foundation/lib/grafana-dashboard-url.ts": "a457d0bef7f683a9185b163f79630278",
  "src/foundation/lib/sidebar-active.ts": "d4a316c595e9fc8d751d6b7961d26023",
  "src/foundation/providers/delete-provider.tsx": "0b070f7c7578da327cd966e40843ba30",
  "src/foundation/providers/notification-provider.ts": "e5c362d105d384b20439efe3c0446035",
  "src/foundation/providers/theme-provider.tsx": "7ec4d0251e080afaf2d76f6ec7cf37fb",
  "src/foundation/providers/data-provider/utils/clean-internal-fields.ts": "86fabe5db09d9fe17c44b007c81ede57",
  "src/domains/cluster/lib/calc-resource-usage.ts": "26819eac9d3af7474a6389537bf20863",
  "src/domains/cluster/lib/get-cache-type.ts": "2c082b5338dcd2fa18335dcbbc65bada",
  "src/domains/cluster/lib/transform-cluster-values.ts": "6e42e94739be2253010b305e36854f10",
  "src/domains/cluster/lib/get-access-mode-label.ts": "89a508f6534b3952ed5e56ddc3347f7d",
  "src/domains/cluster/lib/validate-node-ips.ts": "813b3badf54f49726292b4b50ef8871c",
  "src/domains/cluster/hooks/use-model-cache-fields.ts": "ef90c571502a7404c798e713282cd249",
  "src/domains/cluster/hooks/use-node-ips.ts": "9fb9bb82d30f3d66070b719a95e41819",
  "src/domains/cluster/components/ModelCacheFields.tsx": "730104c05164ee516675b7e570e750b7",
  "src/domains/cluster/components/NodeResourcesTable.tsx": "bb5383d570d658c81df60e17e9732bb7",
  "src/domains/cluster/components/ResourceProgressBar.tsx": "7d668caa651a0706b87651e40e89376f",
  "src/foundation/lib/clipboard.ts": "8ea6c6599de974dae258857f23378ae1",
  "src/foundation/hooks/use-copy-to-clipboard.ts": "c558065e2373c1264eb2faaf38fd2599",
  "src/domains/api-key/hooks/use-api-key-usage.ts": "1bd6b3a589bf6fd2fb424af96597f423",
  "src/domains/api-key/components/CreateApiKeyForm.tsx": "21a8ea68d1d4b7552e5a95ac6a566c48",
  "src/domains/workspace/hooks/use-workspace-form.tsx": "74547a707ee26107480b3ec40820384b",
  "src/domains/user/hooks/use-user-form.tsx": "324a66384c19d18de4597bb39c2e4317",
  "src/domains/role-assignment/hooks/use-role-assignment-form.tsx": "4aaea75f534f73297089285a8f9cb51a",
  "src/domains/role/hooks/use-role-form.tsx": "f5c3e891b07db54a2827bb821d5ec25d",
  "src/domains/model-registry/lib/transform-model-registry-values.ts": "824753d89ae099896ae1bb2e2934aff0",
  "src/domains/model-registry/hooks/use-model-registry-form.tsx": "e8a9470b28bcabdd47e52bfe77996c48",
  "src/domains/image-registry/lib/transform-image-registry-values.ts": "29354ba58a40bf0f421bc03b6a774cee",
  "src/domains/image-registry/hooks/use-image-registry-form.tsx": "81488170f914365f28b54064916fe8c5",
  "src/domains/cluster/hooks/use-cluster-form.tsx": "ff932997c4d779299ebeeb12f33b5bb3",
  "src/foundation/types/resource-types.ts": "828c217b8408bcac60799ab7fdb4189f",
  "src/foundation/hooks/use-variables-input.ts": "4b89bf232a2e5ae081417eb32cd07b27",
  "src/foundation/components/VariablesInput.tsx": "322ef95b0efb9795b935e37ab3b79ead",
  "src/domains/endpoint/lib/cluster-resources.ts": "1c153dbd157f6d1713c4a8fc18daa472",
  "src/domains/endpoint/lib/endpoint-form-helpers.ts": "196e87a697c7cbfd4fbc20482e296ef9",
  "src/domains/endpoint/hooks/use-endpoint-form.tsx": "6824be71c33e92471b2d9b6816de064e",
  "src/domains/endpoint/hooks/use-endpoint-cluster-resources.ts": "0a820b8bd31826bbecd4db33b02b74bc",
  "src/domains/endpoint/hooks/use-endpoint-engine-options.ts": "b2466d871f8436202bb1e6011ec61ecd",
  "src/pages/external-endpoints/create.tsx": "bd5d137b2a4a49d077ea1891707f2988",
  "src/pages/external-endpoints/edit.tsx": "e6fdd4684d41f910da1e2ca2ddf4cbd9",
  "src/pages/external-endpoints/list.tsx": "1b58592b9a94b4853e701d9358b4394e",
  "src/pages/external-endpoints/show.tsx": "e054f192830c0a86929efd11a260f6ae",
  "src/domains/external-endpoint/types.ts": "919dea3f18a6795e2dde24e4a460a89e",
  "src/domains/external-endpoint/hooks/use-external-endpoint-form.tsx": "5faadc06b5a149a95298d735e3531f90",
  "src/domains/external-endpoint/components/CurlExample.tsx": "5183a8958c58627f671b3d80313f016f",
  "src/domains/external-endpoint/components/ExternalEndpointStatus.tsx": "1c1e5325079d9c25ac1f5f14fa47383f",
  "src/domains/external-endpoint/components/ModelMappingEditor.tsx": "8896f94694dbcf6d9f7ae221413e09d7",
  "src/domains/external-endpoint/lib/build-curl-command.ts": "aef504b00a7ee2db2ff13d55784c114d",
  "src/domains/external-endpoint/lib/clean-upstreams-for-submit.ts": "18e326418e255dbfd5a938653e033fae",
  "src/domains/external-endpoint/lib/get-exposed-models.ts": "ac9b304f8eb1fca200e756b06970064c",
  "src/domains/endpoint/lib/chat-helpers.ts": "4d1001dbfaee3b731d4b569148c1b280",
  "src/domains/endpoint/lib/log-helpers.ts": "0586d644e290898ad3acf13c155c3d31",
  "src/domains/endpoint/lib/rerank-helpers.ts": "4c4831f7332ba6fecb50a3e18c1f4b64",
  "src/domains/endpoint/components/MaxLengthSelector.tsx": "91511356594fa7cd5ad104c217b88765",
  "src/domains/endpoint/components/TemperatureSelector.tsx": "b2c4bb1aede0b02c91d9794c77e3221c",
  "src/domains/endpoint/components/TopPSelector.tsx": "e424b431fb0be770e7b734375151393c",
  "src/domains/engine/lib/infer-schema.ts": "3733d0525fdbc4e9d61eebfdb4c51867",
  "src/domains/engine/lib/merge-schema-properties.ts": "66715d7203795d9db9af9d155166e18e",
  "src/domains/engine/lib/schema-type-color.ts": "afffb537eab8f58e1717e1b606277fda",
  "src/domains/engine/lib/type-match.ts": "ea1627d7e2b315b0fa75e38290c5a221",
  "src/domains/engine/components/SchemaTypeIcon.tsx": "61be79250524c422d7f8bc43f6832626",
  "src/foundation/components/ServiceUrls.tsx": "a4c218838e504d23e959faa283ad2d33",
  "src/domains/external-endpoint/lib/build-anthropic-curl-command.ts": "d4ebf4f0b74068fb6e1f550cce20c7bb",
  "src/domains/external-endpoint/lib/convert-timeout.ts": "43a53c28487e11dadab7c57407dfc211",
  "src/domains/external-endpoint/components/TimeoutInput.tsx": "14c32e619eb08caef05e6f741f7806d8",
  "src/domains/external-endpoint/lib/derive-upstream-type.ts": "aeb211afd59b3789db37c6c26b53d822",
  "src/domains/external-endpoint/lib/build-embedding-curl-command.ts": "b461782d5ebab03f375ef507aa0e5d43",
  "src/foundation/components/NumberInput.tsx": "48ac647b7f27621ace1542cb441c5a4d",
  "src/domains/external-endpoint/lib/find-overlapping-model-keys.ts": "c95ecffb5e8e3e0a45983f6e1f5d2ea4",
  "src/pages/auth/lib/validate-password-match.ts": "c113f0c5136ce533297e38cc20bf698f",
  "src/domains/endpoint/lib/pause-action.ts": "3efa178458d6906c0cc81dad7c41e675",
  "src/domains/cluster/components/ClusterUpgradeAction.tsx": "dca48f9c5afd764b8bbc46d8a4a0cb81",
  "src/foundation/components/OemFavicon.tsx": "8f9a29762901e256578c9cdc4908eb7c",
  "src/domains/external-endpoint/lib/get-endpoint-type.ts": "a5fec42612881e3206ee2e19ca3c820f",
  "src/domains/endpoint/hooks/use-document-list.ts": "e37b2e2e9ebd1cb7cf917996b05336e2",
  "src/domains/endpoint/hooks/use-playground-models.ts": "53c557aeb8282c5f4cb5dc1489688505",
  "src/domains/endpoint/components/DocumentListEditor.tsx": "397a5b14b2689352e678e44863b4e2f0",
  "src/domains/endpoint/components/PlaygroundLayout.tsx": "c4940cfc57dc4696b166ac65f5c769cb",
  "src/domains/cluster/components/ClusterUpgradeTip.tsx": "fd41e3d18ecd41c1efda9dc1d06da083"
}
